// !$*UTF8*$!
{
	archiveVersion = 1;
	classes = {
	};
	objectVersion = 51;
	objects = {

/* Begin PBXBuildFile section */
		232168D22609FAA00014A8F3 /* R.generated.swift in Sources */ = {isa = PBXBuildFile; fileRef = 232168D12609FAA00014A8F3 /* R.generated.swift */; };
		233BEB212606F350007ABBED /* AppDelegate.swift in Sources */ = {isa = PBXBuildFile; fileRef = 233BEB202606F350007ABBED /* AppDelegate.swift */; };
		233BEB232606F350007ABBED /* SceneDelegate.swift in Sources */ = {isa = PBXBuildFile; fileRef = 233BEB222606F350007ABBED /* SceneDelegate.swift */; };
		233BEB252606F350007ABBED /* ViewController.swift in Sources */ = {isa = PBXBuildFile; fileRef = 233BEB242606F350007ABBED /* ViewController.swift */; };
		233BEB282606F350007ABBED /* Main.storyboard in Resources */ = {isa = PBXBuildFile; fileRef = 233BEB262606F350007ABBED /* Main.storyboard */; };
		233BEB2A2606F351007ABBED /* Assets.xcassets in Resources */ = {isa = PBXBuildFile; fileRef = 233BEB292606F351007ABBED /* Assets.xcassets */; };
		233BEB2D2606F351007ABBED /* LaunchScreen.storyboard in Resources */ = {isa = PBXBuildFile; fileRef = 233BEB2B2606F351007ABBED /* LaunchScreen.storyboard */; };
		233BED392607898E007ABBED /* TestProjectUITests.swift in Sources */ = {isa = PBXBuildFile; fileRef = 233BED382607898E007ABBED /* TestProjectUITests.swift */; };
		233BEDB62607AD51007ABBED /* TestProjectTests.swift in Sources */ = {isa = PBXBuildFile; fileRef = 233BEDB52607AD51007ABBED /* TestProjectTests.swift */; };
		23CA5CAE26091D6C00E0DD3C /* AppDelegate.swift in Sources */ = {isa = PBXBuildFile; fileRef = 23CA5CAD26091D6C00E0DD3C /* AppDelegate.swift */; };
		23CA5CB026091D6C00E0DD3C /* SceneDelegate.swift in Sources */ = {isa = PBXBuildFile; fileRef = 23CA5CAF26091D6C00E0DD3C /* SceneDelegate.swift */; };
		23CA5CB226091D6C00E0DD3C /* ViewController.swift in Sources */ = {isa = PBXBuildFile; fileRef = 23CA5CB126091D6C00E0DD3C /* ViewController.swift */; };
		23CA5CB526091D6C00E0DD3C /* Main.storyboard in Resources */ = {isa = PBXBuildFile; fileRef = 23CA5CB326091D6C00E0DD3C /* Main.storyboard */; };
		23CA5CB726091D6C00E0DD3C /* Assets.xcassets in Resources */ = {isa = PBXBuildFile; fileRef = 23CA5CB626091D6C00E0DD3C /* Assets.xcassets */; };
		23CA5CBA26091D6C00E0DD3C /* LaunchScreen.storyboard in Resources */ = {isa = PBXBuildFile; fileRef = 23CA5CB826091D6C00E0DD3C /* LaunchScreen.storyboard */; };
		753E6B45E7B536BBA252A745 /* Pods_TestProject_TestProjectUITests.framework in Frameworks */ = {isa = PBXBuildFile; fileRef = CE81E7344ADAD131F00E9E5E /* Pods_TestProject_TestProjectUITests.framework */; };
		D90AFD52DA5D2B7B7B3DD224 /* Pods_TestProjectTests.framework in Frameworks */ = {isa = PBXBuildFile; fileRef = F976CB1E6FFBB1F3703F2DB5 /* Pods_TestProjectTests.framework */; };
		DE77FC66A3AA218EAFF4063F /* Pods_TestProject.framework in Frameworks */ = {isa = PBXBuildFile; fileRef = 6B203081108CE0A426B9F9F7 /* Pods_TestProject.framework */; };
/* End PBXBuildFile section */

/* Begin PBXContainerItemProxy section */
		233BED3B2607898E007ABBED /* PBXContainerItemProxy */ = {
			isa = PBXContainerItemProxy;
			containerPortal = 233BEB152606F350007ABBED /* Project object */;
			proxyType = 1;
			remoteGlobalIDString = 233BEB1C2606F350007ABBED;
			remoteInfo = TestProject;
		};
		233BEDB82607AD51007ABBED /* PBXContainerItemProxy */ = {
			isa = PBXContainerItemProxy;
			containerPortal = 233BEB152606F350007ABBED /* Project object */;
			proxyType = 1;
			remoteGlobalIDString = 233BEB1C2606F350007ABBED;
			remoteInfo = TestProject;
		};
/* End PBXContainerItemProxy section */

/* Begin PBXFileReference section */
		0162DD04A4454770F5EA75CD /* Pods-TestProjectTests.staging test.xcconfig */ = {isa = PBXFileReference; includeInIndex = 1; lastKnownFileType = text.xcconfig; name = "Pods-TestProjectTests.staging test.xcconfig"; path = "../../Pods/Target Support Files/Pods-TestProjectTests/Pods-TestProjectTests.staging test.xcconfig"; sourceTree = "<group>"; };
		0A2FAB267C8CDB3CAE284629 /* Pods-TestProject-TestProjectUITests.release.xcconfig */ = {isa = PBXFileReference; includeInIndex = 1; lastKnownFileType = text.xcconfig; name = "Pods-TestProject-TestProjectUITests.release.xcconfig"; path = "../../Pods/Target Support Files/Pods-TestProject-TestProjectUITests/Pods-TestProject-TestProjectUITests.release.xcconfig"; sourceTree = "<group>"; };
		0CB45CA5332BECA822C99B3F /* Pods-TestProject.debug.xcconfig */ = {isa = PBXFileReference; includeInIndex = 1; lastKnownFileType = text.xcconfig; name = "Pods-TestProject.debug.xcconfig"; path = "../../Pods/Target Support Files/Pods-TestProject/Pods-TestProject.debug.xcconfig"; sourceTree = "<group>"; };
		0F266C3A158B4525AF7D2E8D /* Pods-TestProject.staging.xcconfig */ = {isa = PBXFileReference; includeInIndex = 1; lastKnownFileType = text.xcconfig; name = "Pods-TestProject.staging.xcconfig"; path = "../../Pods/Target Support Files/Pods-TestProject/Pods-TestProject.staging.xcconfig"; sourceTree = "<group>"; };
		0F7CAE2DB74929BDDB77D087 /* Pods-TestProject.staging tests.xcconfig */ = {isa = PBXFileReference; includeInIndex = 1; lastKnownFileType = text.xcconfig; name = "Pods-TestProject.staging tests.xcconfig"; path = "../../Pods/Target Support Files/Pods-TestProject/Pods-TestProject.staging tests.xcconfig"; sourceTree = "<group>"; };
		14CC5668D839F208983AA107 /* Pods-TestProject.staging with spaces.xcconfig */ = {isa = PBXFileReference; includeInIndex = 1; lastKnownFileType = text.xcconfig; name = "Pods-TestProject.staging with spaces.xcconfig"; path = "../../Pods/Target Support Files/Pods-TestProject/Pods-TestProject.staging with spaces.xcconfig"; sourceTree = "<group>"; };
		1708F6F52543CBD43477C925 /* Pods-TestProject-TestProjectUITests.staging test.xcconfig */ = {isa = PBXFileReference; includeInIndex = 1; lastKnownFileType = text.xcconfig; name = "Pods-TestProject-TestProjectUITests.staging test.xcconfig"; path = "../../Pods/Target Support Files/Pods-TestProject-TestProjectUITests/Pods-TestProject-TestProjectUITests.staging test.xcconfig"; sourceTree = "<group>"; };
		193FF2D8C94D11037185F80A /* Pods-TestProject.staging test.xcconfig */ = {isa = PBXFileReference; includeInIndex = 1; lastKnownFileType = text.xcconfig; name = "Pods-TestProject.staging test.xcconfig"; path = "../../Pods/Target Support Files/Pods-TestProject/Pods-TestProject.staging test.xcconfig"; sourceTree = "<group>"; };
		1CA92A3395365A0F83AA056B /* Pods-TestProjectTests.staging tests.xcconfig */ = {isa = PBXFileReference; includeInIndex = 1; lastKnownFileType = text.xcconfig; name = "Pods-TestProjectTests.staging tests.xcconfig"; path = "../../Pods/Target Support Files/Pods-TestProjectTests/Pods-TestProjectTests.staging tests.xcconfig"; sourceTree = "<group>"; };
		232168D12609FAA00014A8F3 /* R.generated.swift */ = {isa = PBXFileReference; fileEncoding = 4; lastKnownFileType = sourcecode.swift; path = R.generated.swift; sourceTree = "<group>"; };
		233BEB1D2606F350007ABBED /* TestProject.app */ = {isa = PBXFileReference; explicitFileType = wrapper.application; includeInIndex = 0; path = TestProject.app; sourceTree = BUILT_PRODUCTS_DIR; };
		233BEB202606F350007ABBED /* AppDelegate.swift */ = {isa = PBXFileReference; lastKnownFileType = sourcecode.swift; path = AppDelegate.swift; sourceTree = "<group>"; };
		233BEB222606F350007ABBED /* SceneDelegate.swift */ = {isa = PBXFileReference; lastKnownFileType = sourcecode.swift; path = SceneDelegate.swift; sourceTree = "<group>"; };
		233BEB242606F350007ABBED /* ViewController.swift */ = {isa = PBXFileReference; lastKnownFileType = sourcecode.swift; path = ViewController.swift; sourceTree = "<group>"; };
		233BEB272606F350007ABBED /* Base */ = {isa = PBXFileReference; lastKnownFileType = file.storyboard; name = Base; path = Base.lproj/Main.storyboard; sourceTree = "<group>"; };
		233BEB292606F351007ABBED /* Assets.xcassets */ = {isa = PBXFileReference; lastKnownFileType = folder.assetcatalog; path = Assets.xcassets; sourceTree = "<group>"; };
		233BEB2C2606F351007ABBED /* Base */ = {isa = PBXFileReference; lastKnownFileType = file.storyboard; name = Base; path = Base.lproj/LaunchScreen.storyboard; sourceTree = "<group>"; };
		233BEB2E2606F351007ABBED /* Info.plist */ = {isa = PBXFileReference; lastKnownFileType = text.plist.xml; path = Info.plist; sourceTree = "<group>"; };
		233BED362607898E007ABBED /* TestProjectUITests.xctest */ = {isa = PBXFileReference; explicitFileType = wrapper.cfbundle; includeInIndex = 0; path = TestProjectUITests.xctest; sourceTree = BUILT_PRODUCTS_DIR; };
		233BED382607898E007ABBED /* TestProjectUITests.swift */ = {isa = PBXFileReference; lastKnownFileType = sourcecode.swift; path = TestProjectUITests.swift; sourceTree = "<group>"; };
		233BED3A2607898E007ABBED /* Info.plist */ = {isa = PBXFileReference; lastKnownFileType = text.plist.xml; path = Info.plist; sourceTree = "<group>"; };
		233BEDB32607AD51007ABBED /* TestProjectTests.xctest */ = {isa = PBXFileReference; explicitFileType = wrapper.cfbundle; includeInIndex = 0; path = TestProjectTests.xctest; sourceTree = BUILT_PRODUCTS_DIR; };
		233BEDB52607AD51007ABBED /* TestProjectTests.swift */ = {isa = PBXFileReference; lastKnownFileType = sourcecode.swift; path = TestProjectTests.swift; sourceTree = "<group>"; };
		233BEDB72607AD51007ABBED /* Info.plist */ = {isa = PBXFileReference; lastKnownFileType = text.plist.xml; path = Info.plist; sourceTree = "<group>"; };
		23CA5CAB26091D6C00E0DD3C /* TestLocalizable.app */ = {isa = PBXFileReference; explicitFileType = wrapper.application; includeInIndex = 0; path = TestLocalizable.app; sourceTree = BUILT_PRODUCTS_DIR; };
		23CA5CAD26091D6C00E0DD3C /* AppDelegate.swift */ = {isa = PBXFileReference; lastKnownFileType = sourcecode.swift; path = AppDelegate.swift; sourceTree = "<group>"; };
		23CA5CAF26091D6C00E0DD3C /* SceneDelegate.swift */ = {isa = PBXFileReference; lastKnownFileType = sourcecode.swift; path = SceneDelegate.swift; sourceTree = "<group>"; };
		23CA5CB126091D6C00E0DD3C /* ViewController.swift */ = {isa = PBXFileReference; lastKnownFileType = sourcecode.swift; path = ViewController.swift; sourceTree = "<group>"; };
		23CA5CB426091D6C00E0DD3C /* Base */ = {isa = PBXFileReference; lastKnownFileType = file.storyboard; name = Base; path = Base.lproj/Main.storyboard; sourceTree = "<group>"; };
		23CA5CB626091D6C00E0DD3C /* Assets.xcassets */ = {isa = PBXFileReference; lastKnownFileType = folder.assetcatalog; path = Assets.xcassets; sourceTree = "<group>"; };
		23CA5CB926091D6C00E0DD3C /* Base */ = {isa = PBXFileReference; lastKnownFileType = file.storyboard; name = Base; path = Base.lproj/LaunchScreen.storyboard; sourceTree = "<group>"; };
		23CA5CBB26091D6C00E0DD3C /* Info.plist */ = {isa = PBXFileReference; lastKnownFileType = text.plist.xml; path = Info.plist; sourceTree = "<group>"; };
		312BCF1490884CDDA7342FAD /* Pods-TestProjectUITests.debug.xcconfig */ = {isa = PBXFileReference; includeInIndex = 1; lastKnownFileType = text.xcconfig; name = "Pods-TestProjectUITests.debug.xcconfig"; path = "Target Support Files/Pods-TestProjectUITests/Pods-TestProjectUITests.debug.xcconfig"; sourceTree = "<group>"; };
		39FC3268DC54E8238C469DFB /* Pods-TestProjectUITests.release.xcconfig */ = {isa = PBXFileReference; includeInIndex = 1; lastKnownFileType = text.xcconfig; name = "Pods-TestProjectUITests.release.xcconfig"; path = "Target Support Files/Pods-TestProjectUITests/Pods-TestProjectUITests.release.xcconfig"; sourceTree = "<group>"; };
		4F66484DA8BBBC489F3F18A9 /* Pods-TestProject-TestProjectUITests.staging tests.xcconfig */ = {isa = PBXFileReference; includeInIndex = 1; lastKnownFileType = text.xcconfig; name = "Pods-TestProject-TestProjectUITests.staging tests.xcconfig"; path = "../../Pods/Target Support Files/Pods-TestProject-TestProjectUITests/Pods-TestProject-TestProjectUITests.staging tests.xcconfig"; sourceTree = "<group>"; };
		6B203081108CE0A426B9F9F7 /* Pods_TestProject.framework */ = {isa = PBXFileReference; explicitFileType = wrapper.framework; includeInIndex = 0; path = Pods_TestProject.framework; sourceTree = BUILT_PRODUCTS_DIR; };
		79366849AAEB8CF63132EC3E /* Pods-TestProject.release.xcconfig */ = {isa = PBXFileReference; includeInIndex = 1; lastKnownFileType = text.xcconfig; name = "Pods-TestProject.release.xcconfig"; path = "../../Pods/Target Support Files/Pods-TestProject/Pods-TestProject.release.xcconfig"; sourceTree = "<group>"; };
		914659325AE2AA4570AE1E46 /* Pods-TestProjectTests.release.xcconfig */ = {isa = PBXFileReference; includeInIndex = 1; lastKnownFileType = text.xcconfig; name = "Pods-TestProjectTests.release.xcconfig"; path = "../../Pods/Target Support Files/Pods-TestProjectTests/Pods-TestProjectTests.release.xcconfig"; sourceTree = "<group>"; };
		96549C9E47719FAFA2A2FC49 /* Pods-TestProjectTests.staging.xcconfig */ = {isa = PBXFileReference; includeInIndex = 1; lastKnownFileType = text.xcconfig; name = "Pods-TestProjectTests.staging.xcconfig"; path = "../../Pods/Target Support Files/Pods-TestProjectTests/Pods-TestProjectTests.staging.xcconfig"; sourceTree = "<group>"; };
		9C28EAA1A247644F3649D48D /* Pods-TestProject-TestProjectUITests.staging.xcconfig */ = {isa = PBXFileReference; includeInIndex = 1; lastKnownFileType = text.xcconfig; name = "Pods-TestProject-TestProjectUITests.staging.xcconfig"; path = "../../Pods/Target Support Files/Pods-TestProject-TestProjectUITests/Pods-TestProject-TestProjectUITests.staging.xcconfig"; sourceTree = "<group>"; };
		B4A7867F56CFA4C34A22D656 /* Pods-TestProjectTests.debug.xcconfig */ = {isa = PBXFileReference; includeInIndex = 1; lastKnownFileType = text.xcconfig; name = "Pods-TestProjectTests.debug.xcconfig"; path = "../../Pods/Target Support Files/Pods-TestProjectTests/Pods-TestProjectTests.debug.xcconfig"; sourceTree = "<group>"; };
		C0FF5B499D4A3B76E8CBBAFB /* Pods-TestProjectTests.staging with spaces.xcconfig */ = {isa = PBXFileReference; includeInIndex = 1; lastKnownFileType = text.xcconfig; name = "Pods-TestProjectTests.staging with spaces.xcconfig"; path = "../../Pods/Target Support Files/Pods-TestProjectTests/Pods-TestProjectTests.staging with spaces.xcconfig"; sourceTree = "<group>"; };
		CE81E7344ADAD131F00E9E5E /* Pods_TestProject_TestProjectUITests.framework */ = {isa = PBXFileReference; explicitFileType = wrapper.framework; includeInIndex = 0; path = Pods_TestProject_TestProjectUITests.framework; sourceTree = BUILT_PRODUCTS_DIR; };
		D5DC2F4A2A925832E1FCB35F /* Pods-TestProject-TestProjectUITests.staging with spaces.xcconfig */ = {isa = PBXFileReference; includeInIndex = 1; lastKnownFileType = text.xcconfig; name = "Pods-TestProject-TestProjectUITests.staging with spaces.xcconfig"; path = "../../Pods/Target Support Files/Pods-TestProject-TestProjectUITests/Pods-TestProject-TestProjectUITests.staging with spaces.xcconfig"; sourceTree = "<group>"; };
		F3C2C078A9C7FF276DB89683 /* Pods-TestProject-TestProjectUITests.debug.xcconfig */ = {isa = PBXFileReference; includeInIndex = 1; lastKnownFileType = text.xcconfig; name = "Pods-TestProject-TestProjectUITests.debug.xcconfig"; path = "../../Pods/Target Support Files/Pods-TestProject-TestProjectUITests/Pods-TestProject-TestProjectUITests.debug.xcconfig"; sourceTree = "<group>"; };
		F976CB1E6FFBB1F3703F2DB5 /* Pods_TestProjectTests.framework */ = {isa = PBXFileReference; explicitFileType = wrapper.framework; includeInIndex = 0; path = Pods_TestProjectTests.framework; sourceTree = BUILT_PRODUCTS_DIR; };
/* End PBXFileReference section */

/* Begin PBXFrameworksBuildPhase section */
		233BEB1A2606F350007ABBED /* Frameworks */ = {
			isa = PBXFrameworksBuildPhase;
			buildActionMask = 2147483647;
			files = (
				DE77FC66A3AA218EAFF4063F /* Pods_TestProject.framework in Frameworks */,
			);
			runOnlyForDeploymentPostprocessing = 0;
		};
		233BED332607898E007ABBED /* Frameworks */ = {
			isa = PBXFrameworksBuildPhase;
			buildActionMask = 2147483647;
			files = (
				753E6B45E7B536BBA252A745 /* Pods_TestProject_TestProjectUITests.framework in Frameworks */,
			);
			runOnlyForDeploymentPostprocessing = 0;
		};
		233BEDB02607AD51007ABBED /* Frameworks */ = {
			isa = PBXFrameworksBuildPhase;
			buildActionMask = 2147483647;
			files = (
				D90AFD52DA5D2B7B7B3DD224 /* Pods_TestProjectTests.framework in Frameworks */,
			);
			runOnlyForDeploymentPostprocessing = 0;
		};
		23CA5CA826091D6C00E0DD3C /* Frameworks */ = {
			isa = PBXFrameworksBuildPhase;
			buildActionMask = 2147483647;
			files = (
			);
			runOnlyForDeploymentPostprocessing = 0;
		};
/* End PBXFrameworksBuildPhase section */

/* Begin PBXGroup section */
		233BEB142606F350007ABBED = {
			isa = PBXGroup;
			children = (
				233BEB1F2606F350007ABBED /* TestProject */,
				233BED372607898E007ABBED /* TestProjectUITests */,
				233BEDB42607AD51007ABBED /* TestProjectTests */,
				23CA5CAC26091D6C00E0DD3C /* TestLocalizable */,
				233BEB1E2606F350007ABBED /* Products */,
				EE3F1A626777A74B2FE61D3D /* Pods */,
				A67E3F5618E7F8C71D441B36 /* Frameworks */,
			);
			sourceTree = "<group>";
		};
		233BEB1E2606F350007ABBED /* Products */ = {
			isa = PBXGroup;
			children = (
				233BEB1D2606F350007ABBED /* TestProject.app */,
				233BED362607898E007ABBED /* TestProjectUITests.xctest */,
				233BEDB32607AD51007ABBED /* TestProjectTests.xctest */,
				23CA5CAB26091D6C00E0DD3C /* TestLocalizable.app */,
			);
			name = Products;
			sourceTree = "<group>";
		};
		233BEB1F2606F350007ABBED /* TestProject */ = {
			isa = PBXGroup;
			children = (
				232168D12609FAA00014A8F3 /* R.generated.swift */,
				233BEB202606F350007ABBED /* AppDelegate.swift */,
				233BEB222606F350007ABBED /* SceneDelegate.swift */,
				233BEB242606F350007ABBED /* ViewController.swift */,
				233BEB262606F350007ABBED /* Main.storyboard */,
				233BEB292606F351007ABBED /* Assets.xcassets */,
				233BEB2B2606F351007ABBED /* LaunchScreen.storyboard */,
				233BEB2E2606F351007ABBED /* Info.plist */,
			);
			path = TestProject;
			sourceTree = "<group>";
		};
		233BED372607898E007ABBED /* TestProjectUITests */ = {
			isa = PBXGroup;
			children = (
				233BED382607898E007ABBED /* TestProjectUITests.swift */,
				233BED3A2607898E007ABBED /* Info.plist */,
			);
			path = TestProjectUITests;
			sourceTree = "<group>";
		};
		233BEDB42607AD51007ABBED /* TestProjectTests */ = {
			isa = PBXGroup;
			children = (
				233BEDB52607AD51007ABBED /* TestProjectTests.swift */,
				233BEDB72607AD51007ABBED /* Info.plist */,
			);
			path = TestProjectTests;
			sourceTree = "<group>";
		};
		23CA5CAC26091D6C00E0DD3C /* TestLocalizable */ = {
			isa = PBXGroup;
			children = (
				23CA5CAD26091D6C00E0DD3C /* AppDelegate.swift */,
				23CA5CAF26091D6C00E0DD3C /* SceneDelegate.swift */,
				23CA5CB126091D6C00E0DD3C /* ViewController.swift */,
				23CA5CB326091D6C00E0DD3C /* Main.storyboard */,
				23CA5CB626091D6C00E0DD3C /* Assets.xcassets */,
				23CA5CB826091D6C00E0DD3C /* LaunchScreen.storyboard */,
				23CA5CBB26091D6C00E0DD3C /* Info.plist */,
			);
			path = TestLocalizable;
			sourceTree = "<group>";
		};
		A67E3F5618E7F8C71D441B36 /* Frameworks */ = {
			isa = PBXGroup;
			children = (
				6B203081108CE0A426B9F9F7 /* Pods_TestProject.framework */,
				F976CB1E6FFBB1F3703F2DB5 /* Pods_TestProjectTests.framework */,
				CE81E7344ADAD131F00E9E5E /* Pods_TestProject_TestProjectUITests.framework */,
			);
			name = Frameworks;
			sourceTree = "<group>";
		};
		EE3F1A626777A74B2FE61D3D /* Pods */ = {
			isa = PBXGroup;
			children = (
				0CB45CA5332BECA822C99B3F /* Pods-TestProject.debug.xcconfig */,
				79366849AAEB8CF63132EC3E /* Pods-TestProject.release.xcconfig */,
				B4A7867F56CFA4C34A22D656 /* Pods-TestProjectTests.debug.xcconfig */,
				914659325AE2AA4570AE1E46 /* Pods-TestProjectTests.release.xcconfig */,
				312BCF1490884CDDA7342FAD /* Pods-TestProjectUITests.debug.xcconfig */,
				39FC3268DC54E8238C469DFB /* Pods-TestProjectUITests.release.xcconfig */,
				F3C2C078A9C7FF276DB89683 /* Pods-TestProject-TestProjectUITests.debug.xcconfig */,
				0A2FAB267C8CDB3CAE284629 /* Pods-TestProject-TestProjectUITests.release.xcconfig */,
				0F266C3A158B4525AF7D2E8D /* Pods-TestProject.staging.xcconfig */,
				9C28EAA1A247644F3649D48D /* Pods-TestProject-TestProjectUITests.staging.xcconfig */,
				96549C9E47719FAFA2A2FC49 /* Pods-TestProjectTests.staging.xcconfig */,
				193FF2D8C94D11037185F80A /* Pods-TestProject.staging test.xcconfig */,
				1708F6F52543CBD43477C925 /* Pods-TestProject-TestProjectUITests.staging test.xcconfig */,
				0162DD04A4454770F5EA75CD /* Pods-TestProjectTests.staging test.xcconfig */,
				0F7CAE2DB74929BDDB77D087 /* Pods-TestProject.staging tests.xcconfig */,
				4F66484DA8BBBC489F3F18A9 /* Pods-TestProject-TestProjectUITests.staging tests.xcconfig */,
				1CA92A3395365A0F83AA056B /* Pods-TestProjectTests.staging tests.xcconfig */,
				14CC5668D839F208983AA107 /* Pods-TestProject.staging with spaces.xcconfig */,
				D5DC2F4A2A925832E1FCB35F /* Pods-TestProject-TestProjectUITests.staging with spaces.xcconfig */,
				C0FF5B499D4A3B76E8CBBAFB /* Pods-TestProjectTests.staging with spaces.xcconfig */,
			);
			path = Pods;
			sourceTree = "<group>";
		};
/* End PBXGroup section */

/* Begin PBXNativeTarget section */
		233BEB1C2606F350007ABBED /* TestProject */ = {
			isa = PBXNativeTarget;
			buildConfigurationList = 233BEB312606F351007ABBED /* Build configuration list for PBXNativeTarget "TestProject" */;
			buildPhases = (
				21AFFCB563F482B7ACA7C045 /* [CP] Check Pods Manifest.lock */,
				233BEB8826072524007ABBED /* R.swift */,
				233BEB192606F350007ABBED /* Sources */,
				233BEB1A2606F350007ABBED /* Frameworks */,
				233BEB1B2606F350007ABBED /* Resources */,
				53C804DEA5178E2EBC79C058 /* [CP] Embed Pods Frameworks */,
				4D8B24635BA4B3946C33D367 /* [CP] Copy Pods Resources */,
			);
			buildRules = (
			);
			dependencies = (
			);
			name = TestProject;
			productName = TestProject;
			productReference = 233BEB1D2606F350007ABBED /* TestProject.app */;
			productType = "com.apple.product-type.application";
		};
		233BED352607898E007ABBED /* TestProjectUITests */ = {
			isa = PBXNativeTarget;
			buildConfigurationList = 233BED3D2607898E007ABBED /* Build configuration list for PBXNativeTarget "TestProjectUITests" */;
			buildPhases = (
				FF7C4612A6E85153E33B57E7 /* [CP] Check Pods Manifest.lock */,
				233BED322607898E007ABBED /* Sources */,
				233BED332607898E007ABBED /* Frameworks */,
				233BED342607898E007ABBED /* Resources */,
				95655E433C959D3780B37626 /* [CP] Embed Pods Frameworks */,
				4035DC1BE88BFD34A453F614 /* [CP] Copy Pods Resources */,
			);
			buildRules = (
			);
			dependencies = (
				233BED3C2607898E007ABBED /* PBXTargetDependency */,
			);
			name = TestProjectUITests;
			productName = TestProjectUITests;
			productReference = 233BED362607898E007ABBED /* TestProjectUITests.xctest */;
			productType = "com.apple.product-type.bundle.ui-testing";
		};
		233BEDB22607AD51007ABBED /* TestProjectTests */ = {
			isa = PBXNativeTarget;
			buildConfigurationList = 233BEDBA2607AD51007ABBED /* Build configuration list for PBXNativeTarget "TestProjectTests" */;
			buildPhases = (
				FF14C08B560C3653B69C3978 /* [CP] Check Pods Manifest.lock */,
				233BEDAF2607AD51007ABBED /* Sources */,
				233BEDB02607AD51007ABBED /* Frameworks */,
				233BEDB12607AD51007ABBED /* Resources */,
				4EEDBD25686390FEB28ADE75 /* [CP] Embed Pods Frameworks */,
			);
			buildRules = (
			);
			dependencies = (
				233BEDB92607AD51007ABBED /* PBXTargetDependency */,
			);
			name = TestProjectTests;
			productName = TestProjectTests;
			productReference = 233BEDB32607AD51007ABBED /* TestProjectTests.xctest */;
			productType = "com.apple.product-type.bundle.unit-test";
		};
		23CA5CAA26091D6C00E0DD3C /* TestLocalizable */ = {
			isa = PBXNativeTarget;
			buildConfigurationList = 23CA5CBE26091D6C00E0DD3C /* Build configuration list for PBXNativeTarget "TestLocalizable" */;
			buildPhases = (
				23CA5CA726091D6C00E0DD3C /* Sources */,
				23CA5CA826091D6C00E0DD3C /* Frameworks */,
				23CA5CA926091D6C00E0DD3C /* Resources */,
			);
			buildRules = (
			);
			dependencies = (
			);
			name = TestLocalizable;
			productName = TestLocalizable;
			productReference = 23CA5CAB26091D6C00E0DD3C /* TestLocalizable.app */;
			productType = "com.apple.product-type.application";
		};
/* End PBXNativeTarget section */

/* Begin PBXProject section */
		233BEB152606F350007ABBED /* Project object */ = {
			isa = PBXProject;
			attributes = {
				LastSwiftUpdateCheck = 1240;
				LastUpgradeCheck = 1240;
				TargetAttributes = {
					233BEB1C2606F350007ABBED = {
						CreatedOnToolsVersion = 12.4;
					};
					233BED352607898E007ABBED = {
						CreatedOnToolsVersion = 12.4;
						TestTargetID = 233BEB1C2606F350007ABBED;
					};
					233BEDB22607AD51007ABBED = {
						CreatedOnToolsVersion = 12.4;
						TestTargetID = 233BEB1C2606F350007ABBED;
					};
					23CA5CAA26091D6C00E0DD3C = {
						CreatedOnToolsVersion = 12.4;
					};
				};
			};
			buildConfigurationList = 233BEB182606F350007ABBED /* Build configuration list for PBXProject "TestProject" */;
			compatibilityVersion = "Xcode 9.3";
			developmentRegion = en;
			hasScannedForEncodings = 0;
			knownRegions = (
				en,
				Base,
			);
			mainGroup = 233BEB142606F350007ABBED;
			productRefGroup = 233BEB1E2606F350007ABBED /* Products */;
			projectDirPath = "";
			projectRoot = "";
			targets = (
				233BEB1C2606F350007ABBED /* TestProject */,
				233BED352607898E007ABBED /* TestProjectUITests */,
				233BEDB22607AD51007ABBED /* TestProjectTests */,
				23CA5CAA26091D6C00E0DD3C /* TestLocalizable */,
			);
		};
/* End PBXProject section */

/* Begin PBXResourcesBuildPhase section */
		233BEB1B2606F350007ABBED /* Resources */ = {
			isa = PBXResourcesBuildPhase;
			buildActionMask = 2147483647;
			files = (
				233BEB2D2606F351007ABBED /* LaunchScreen.storyboard in Resources */,
				233BEB2A2606F351007ABBED /* Assets.xcassets in Resources */,
				233BEB282606F350007ABBED /* Main.storyboard in Resources */,
			);
			runOnlyForDeploymentPostprocessing = 0;
		};
		233BED342607898E007ABBED /* Resources */ = {
			isa = PBXResourcesBuildPhase;
			buildActionMask = 2147483647;
			files = (
			);
			runOnlyForDeploymentPostprocessing = 0;
		};
		233BEDB12607AD51007ABBED /* Resources */ = {
			isa = PBXResourcesBuildPhase;
			buildActionMask = 2147483647;
			files = (
			);
			runOnlyForDeploymentPostprocessing = 0;
		};
		23CA5CA926091D6C00E0DD3C /* Resources */ = {
			isa = PBXResourcesBuildPhase;
			buildActionMask = 2147483647;
			files = (
				23CA5CBA26091D6C00E0DD3C /* LaunchScreen.storyboard in Resources */,
				23CA5CB726091D6C00E0DD3C /* Assets.xcassets in Resources */,
				23CA5CB526091D6C00E0DD3C /* Main.storyboard in Resources */,
			);
			runOnlyForDeploymentPostprocessing = 0;
		};
/* End PBXResourcesBuildPhase section */

/* Begin PBXShellScriptBuildPhase section */
		21AFFCB563F482B7ACA7C045 /* [CP] Check Pods Manifest.lock */ = {
			isa = PBXShellScriptBuildPhase;
			buildActionMask = 2147483647;
			files = (
			);
			inputFileListPaths = (
			);
			inputPaths = (
				"${PODS_PODFILE_DIR_PATH}/Podfile.lock",
				"${PODS_ROOT}/Manifest.lock",
			);
			name = "[CP] Check Pods Manifest.lock";
			outputFileListPaths = (
			);
			outputPaths = (
				"$(DERIVED_FILE_DIR)/Pods-TestProject-checkManifestLockResult.txt",
			);
			runOnlyForDeploymentPostprocessing = 0;
			shellPath = /bin/sh;
			shellScript = "diff \"${PODS_PODFILE_DIR_PATH}/Podfile.lock\" \"${PODS_ROOT}/Manifest.lock\" > /dev/null\nif [ $? != 0 ] ; then\n    # print error to STDERR\n    echo \"error: The sandbox is not in sync with the Podfile.lock. Run 'pod install' or update your CocoaPods installation.\" >&2\n    exit 1\nfi\n# This output is used by Xcode 'outputs' to avoid re-running this script phase.\necho \"SUCCESS\" > \"${SCRIPT_OUTPUT_FILE_0}\"\n";
			showEnvVarsInLog = 0;
		};
		233BEB8826072524007ABBED /* R.swift */ = {
			isa = PBXShellScriptBuildPhase;
			buildActionMask = 2147483647;
			files = (
			);
			inputFileListPaths = (
			);
			inputPaths = (
				"$TEMP_DIR/rswift-lastrun",
			);
			name = R.swift;
			outputFileListPaths = (
			);
			outputPaths = (
				"$SRCROOT/TestProject/R.generated.swift",
			);
			runOnlyForDeploymentPostprocessing = 0;
			shellPath = /bin/sh;
			shellScript = "result=`\"$PODS_ROOT/R.swift/rswift\" generate \"$SRCROOT/TestProject/R.generated.swift\" --disable-input-output-files-validation`\n\nif [[ $result =~ \"warning\" ]]; then\n  echo \"${result}\" | sed \"s/warning:/error:/\" >&2\n  exit 1\nfi\n";
		};
		4035DC1BE88BFD34A453F614 /* [CP] Copy Pods Resources */ = {
			isa = PBXShellScriptBuildPhase;
			buildActionMask = 2147483647;
			files = (
			);
			inputFileListPaths = (
				"${PODS_ROOT}/Target Support Files/Pods-TestProject-TestProjectUITests/Pods-TestProject-TestProjectUITests-resources-${CONFIGURATION}-input-files.xcfilelist",
			);
			name = "[CP] Copy Pods Resources";
			outputFileListPaths = (
				"${PODS_ROOT}/Target Support Files/Pods-TestProject-TestProjectUITests/Pods-TestProject-TestProjectUITests-resources-${CONFIGURATION}-output-files.xcfilelist",
			);
			runOnlyForDeploymentPostprocessing = 0;
			shellPath = /bin/sh;
			shellScript = "\"${PODS_ROOT}/Target Support Files/Pods-TestProject-TestProjectUITests/Pods-TestProject-TestProjectUITests-resources.sh\"\n";
			showEnvVarsInLog = 0;
		};
		4D8B24635BA4B3946C33D367 /* [CP] Copy Pods Resources */ = {
			isa = PBXShellScriptBuildPhase;
			buildActionMask = 2147483647;
			files = (
			);
			inputFileListPaths = (
				"${PODS_ROOT}/Target Support Files/Pods-TestProject/Pods-TestProject-resources-${CONFIGURATION}-input-files.xcfilelist",
			);
			name = "[CP] Copy Pods Resources";
			outputFileListPaths = (
				"${PODS_ROOT}/Target Support Files/Pods-TestProject/Pods-TestProject-resources-${CONFIGURATION}-output-files.xcfilelist",
			);
			runOnlyForDeploymentPostprocessing = 0;
			shellPath = /bin/sh;
			shellScript = "\"${PODS_ROOT}/Target Support Files/Pods-TestProject/Pods-TestProject-resources.sh\"\n";
			showEnvVarsInLog = 0;
		};
		4EEDBD25686390FEB28ADE75 /* [CP] Embed Pods Frameworks */ = {
			isa = PBXShellScriptBuildPhase;
			buildActionMask = 2147483647;
			files = (
			);
			inputFileListPaths = (
				"${PODS_ROOT}/Target Support Files/Pods-TestProjectTests/Pods-TestProjectTests-frameworks-${CONFIGURATION}-input-files.xcfilelist",
			);
			name = "[CP] Embed Pods Frameworks";
			outputFileListPaths = (
				"${PODS_ROOT}/Target Support Files/Pods-TestProjectTests/Pods-TestProjectTests-frameworks-${CONFIGURATION}-output-files.xcfilelist",
			);
			runOnlyForDeploymentPostprocessing = 0;
			shellPath = /bin/sh;
			shellScript = "\"${PODS_ROOT}/Target Support Files/Pods-TestProjectTests/Pods-TestProjectTests-frameworks.sh\"\n";
			showEnvVarsInLog = 0;
		};
		53C804DEA5178E2EBC79C058 /* [CP] Embed Pods Frameworks */ = {
			isa = PBXShellScriptBuildPhase;
			buildActionMask = 2147483647;
			files = (
			);
			inputFileListPaths = (
				"${PODS_ROOT}/Target Support Files/Pods-TestProject/Pods-TestProject-frameworks-${CONFIGURATION}-input-files.xcfilelist",
			);
			name = "[CP] Embed Pods Frameworks";
			outputFileListPaths = (
				"${PODS_ROOT}/Target Support Files/Pods-TestProject/Pods-TestProject-frameworks-${CONFIGURATION}-output-files.xcfilelist",
			);
			runOnlyForDeploymentPostprocessing = 0;
			shellPath = /bin/sh;
			shellScript = "\"${PODS_ROOT}/Target Support Files/Pods-TestProject/Pods-TestProject-frameworks.sh\"\n";
			showEnvVarsInLog = 0;
		};
		95655E433C959D3780B37626 /* [CP] Embed Pods Frameworks */ = {
			isa = PBXShellScriptBuildPhase;
			buildActionMask = 2147483647;
			files = (
			);
			inputFileListPaths = (
				"${PODS_ROOT}/Target Support Files/Pods-TestProject-TestProjectUITests/Pods-TestProject-TestProjectUITests-frameworks-${CONFIGURATION}-input-files.xcfilelist",
			);
			name = "[CP] Embed Pods Frameworks";
			outputFileListPaths = (
				"${PODS_ROOT}/Target Support Files/Pods-TestProject-TestProjectUITests/Pods-TestProject-TestProjectUITests-frameworks-${CONFIGURATION}-output-files.xcfilelist",
			);
			runOnlyForDeploymentPostprocessing = 0;
			shellPath = /bin/sh;
			shellScript = "\"${PODS_ROOT}/Target Support Files/Pods-TestProject-TestProjectUITests/Pods-TestProject-TestProjectUITests-frameworks.sh\"\n";
			showEnvVarsInLog = 0;
		};
		FF14C08B560C3653B69C3978 /* [CP] Check Pods Manifest.lock */ = {
			isa = PBXShellScriptBuildPhase;
			buildActionMask = 2147483647;
			files = (
			);
			inputFileListPaths = (
			);
			inputPaths = (
				"${PODS_PODFILE_DIR_PATH}/Podfile.lock",
				"${PODS_ROOT}/Manifest.lock",
			);
			name = "[CP] Check Pods Manifest.lock";
			outputFileListPaths = (
			);
			outputPaths = (
				"$(DERIVED_FILE_DIR)/Pods-TestProjectTests-checkManifestLockResult.txt",
			);
			runOnlyForDeploymentPostprocessing = 0;
			shellPath = /bin/sh;
			shellScript = "diff \"${PODS_PODFILE_DIR_PATH}/Podfile.lock\" \"${PODS_ROOT}/Manifest.lock\" > /dev/null\nif [ $? != 0 ] ; then\n    # print error to STDERR\n    echo \"error: The sandbox is not in sync with the Podfile.lock. Run 'pod install' or update your CocoaPods installation.\" >&2\n    exit 1\nfi\n# This output is used by Xcode 'outputs' to avoid re-running this script phase.\necho \"SUCCESS\" > \"${SCRIPT_OUTPUT_FILE_0}\"\n";
			showEnvVarsInLog = 0;
		};
		FF7C4612A6E85153E33B57E7 /* [CP] Check Pods Manifest.lock */ = {
			isa = PBXShellScriptBuildPhase;
			buildActionMask = 2147483647;
			files = (
			);
			inputFileListPaths = (
			);
			inputPaths = (
				"${PODS_PODFILE_DIR_PATH}/Podfile.lock",
				"${PODS_ROOT}/Manifest.lock",
			);
			name = "[CP] Check Pods Manifest.lock";
			outputFileListPaths = (
			);
			outputPaths = (
				"$(DERIVED_FILE_DIR)/Pods-TestProject-TestProjectUITests-checkManifestLockResult.txt",
			);
			runOnlyForDeploymentPostprocessing = 0;
			shellPath = /bin/sh;
			shellScript = "diff \"${PODS_PODFILE_DIR_PATH}/Podfile.lock\" \"${PODS_ROOT}/Manifest.lock\" > /dev/null\nif [ $? != 0 ] ; then\n    # print error to STDERR\n    echo \"error: The sandbox is not in sync with the Podfile.lock. Run 'pod install' or update your CocoaPods installation.\" >&2\n    exit 1\nfi\n# This output is used by Xcode 'outputs' to avoid re-running this script phase.\necho \"SUCCESS\" > \"${SCRIPT_OUTPUT_FILE_0}\"\n";
			showEnvVarsInLog = 0;
		};
/* End PBXShellScriptBuildPhase section */

/* Begin PBXSourcesBuildPhase section */
		233BEB192606F350007ABBED /* Sources */ = {
			isa = PBXSourcesBuildPhase;
			buildActionMask = 2147483647;
			files = (
				233BEB252606F350007ABBED /* ViewController.swift in Sources */,
				233BEB212606F350007ABBED /* AppDelegate.swift in Sources */,
				233BEB232606F350007ABBED /* SceneDelegate.swift in Sources */,
				232168D22609FAA00014A8F3 /* R.generated.swift in Sources */,
			);
			runOnlyForDeploymentPostprocessing = 0;
		};
		233BED322607898E007ABBED /* Sources */ = {
			isa = PBXSourcesBuildPhase;
			buildActionMask = 2147483647;
			files = (
				233BED392607898E007ABBED /* TestProjectUITests.swift in Sources */,
			);
			runOnlyForDeploymentPostprocessing = 0;
		};
		233BEDAF2607AD51007ABBED /* Sources */ = {
			isa = PBXSourcesBuildPhase;
			buildActionMask = 2147483647;
			files = (
				233BEDB62607AD51007ABBED /* TestProjectTests.swift in Sources */,
			);
			runOnlyForDeploymentPostprocessing = 0;
		};
		23CA5CA726091D6C00E0DD3C /* Sources */ = {
			isa = PBXSourcesBuildPhase;
			buildActionMask = 2147483647;
			files = (
				23CA5CB226091D6C00E0DD3C /* ViewController.swift in Sources */,
				23CA5CAE26091D6C00E0DD3C /* AppDelegate.swift in Sources */,
				23CA5CB026091D6C00E0DD3C /* SceneDelegate.swift in Sources */,
			);
			runOnlyForDeploymentPostprocessing = 0;
		};
/* End PBXSourcesBuildPhase section */

/* Begin PBXTargetDependency section */
		233BED3C2607898E007ABBED /* PBXTargetDependency */ = {
			isa = PBXTargetDependency;
			target = 233BEB1C2606F350007ABBED /* TestProject */;
			targetProxy = 233BED3B2607898E007ABBED /* PBXContainerItemProxy */;
		};
		233BEDB92607AD51007ABBED /* PBXTargetDependency */ = {
			isa = PBXTargetDependency;
			target = 233BEB1C2606F350007ABBED /* TestProject */;
			targetProxy = 233BEDB82607AD51007ABBED /* PBXContainerItemProxy */;
		};
/* End PBXTargetDependency section */

/* Begin PBXVariantGroup section */
		233BEB262606F350007ABBED /* Main.storyboard */ = {
			isa = PBXVariantGroup;
			children = (
				233BEB272606F350007ABBED /* Base */,
			);
			name = Main.storyboard;
			sourceTree = "<group>";
		};
		233BEB2B2606F351007ABBED /* LaunchScreen.storyboard */ = {
			isa = PBXVariantGroup;
			children = (
				233BEB2C2606F351007ABBED /* Base */,
			);
			name = LaunchScreen.storyboard;
			sourceTree = "<group>";
		};
		23CA5CB326091D6C00E0DD3C /* Main.storyboard */ = {
			isa = PBXVariantGroup;
			children = (
				23CA5CB426091D6C00E0DD3C /* Base */,
			);
			name = Main.storyboard;
			sourceTree = "<group>";
		};
		23CA5CB826091D6C00E0DD3C /* LaunchScreen.storyboard */ = {
			isa = PBXVariantGroup;
			children = (
				23CA5CB926091D6C00E0DD3C /* Base */,
			);
			name = LaunchScreen.storyboard;
			sourceTree = "<group>";
		};
/* End PBXVariantGroup section */

/* Begin XCBuildConfiguration section */
		233BEB2F2606F351007ABBED /* Debug */ = {
			isa = XCBuildConfiguration;
			buildSettings = {
				ALWAYS_SEARCH_USER_PATHS = NO;
				CLANG_ANALYZER_NONNULL = YES;
				CLANG_ANALYZER_NUMBER_OBJECT_CONVERSION = YES_AGGRESSIVE;
				CLANG_CXX_LANGUAGE_STANDARD = "gnu++14";
				CLANG_CXX_LIBRARY = "libc++";
				CLANG_ENABLE_MODULES = YES;
				CLANG_ENABLE_OBJC_ARC = YES;
				CLANG_ENABLE_OBJC_WEAK = YES;
				CLANG_WARN_BLOCK_CAPTURE_AUTORELEASING = YES;
				CLANG_WARN_BOOL_CONVERSION = YES;
				CLANG_WARN_COMMA = YES;
				CLANG_WARN_CONSTANT_CONVERSION = YES;
				CLANG_WARN_DEPRECATED_OBJC_IMPLEMENTATIONS = YES;
				CLANG_WARN_DIRECT_OBJC_ISA_USAGE = YES_ERROR;
				CLANG_WARN_DOCUMENTATION_COMMENTS = YES;
				CLANG_WARN_EMPTY_BODY = YES;
				CLANG_WARN_ENUM_CONVERSION = YES;
				CLANG_WARN_INFINITE_RECURSION = YES;
				CLANG_WARN_INT_CONVERSION = YES;
				CLANG_WARN_NON_LITERAL_NULL_CONVERSION = YES;
				CLANG_WARN_OBJC_IMPLICIT_RETAIN_SELF = YES;
				CLANG_WARN_OBJC_LITERAL_CONVERSION = YES;
				CLANG_WARN_OBJC_ROOT_CLASS = YES_ERROR;
				CLANG_WARN_QUOTED_INCLUDE_IN_FRAMEWORK_HEADER = YES;
				CLANG_WARN_RANGE_LOOP_ANALYSIS = YES;
				CLANG_WARN_STRICT_PROTOTYPES = YES;
				CLANG_WARN_SUSPICIOUS_MOVE = YES;
				CLANG_WARN_UNGUARDED_AVAILABILITY = YES_AGGRESSIVE;
				CLANG_WARN_UNREACHABLE_CODE = YES;
				CLANG_WARN__DUPLICATE_METHOD_MATCH = YES;
				COPY_PHASE_STRIP = NO;
				DEBUG_INFORMATION_FORMAT = dwarf;
				ENABLE_STRICT_OBJC_MSGSEND = YES;
				ENABLE_TESTABILITY = YES;
				EXCLUDED_ARCHS = "";
				"EXCLUDED_ARCHS[sdk=iphonesimulator*]" = arm64;
				GCC_C_LANGUAGE_STANDARD = gnu11;
				GCC_DYNAMIC_NO_PIC = NO;
				GCC_NO_COMMON_BLOCKS = YES;
				GCC_OPTIMIZATION_LEVEL = 0;
				GCC_PREPROCESSOR_DEFINITIONS = (
					"DEBUG=1",
					"$(inherited)",
				);
				GCC_WARN_64_TO_32_BIT_CONVERSION = YES;
				GCC_WARN_ABOUT_RETURN_TYPE = YES_ERROR;
				GCC_WARN_UNDECLARED_SELECTOR = YES;
				GCC_WARN_UNINITIALIZED_AUTOS = YES_AGGRESSIVE;
				GCC_WARN_UNUSED_FUNCTION = YES;
				GCC_WARN_UNUSED_VARIABLE = YES;
				IPHONEOS_DEPLOYMENT_TARGET = 13.0;
				MTL_ENABLE_DEBUG_INFO = INCLUDE_SOURCE;
				MTL_FAST_MATH = YES;
				ONLY_ACTIVE_ARCH = YES;
				SDKROOT = iphoneos;
				SWIFT_ACTIVE_COMPILATION_CONDITIONS = DEBUG;
				SWIFT_OPTIMIZATION_LEVEL = "-Onone";
			};
			name = Debug;
		};
		233BEB302606F351007ABBED /* Release */ = {
			isa = XCBuildConfiguration;
			buildSettings = {
				ALWAYS_SEARCH_USER_PATHS = NO;
				CLANG_ANALYZER_NONNULL = YES;
				CLANG_ANALYZER_NUMBER_OBJECT_CONVERSION = YES_AGGRESSIVE;
				CLANG_CXX_LANGUAGE_STANDARD = "gnu++14";
				CLANG_CXX_LIBRARY = "libc++";
				CLANG_ENABLE_MODULES = YES;
				CLANG_ENABLE_OBJC_ARC = YES;
				CLANG_ENABLE_OBJC_WEAK = YES;
				CLANG_WARN_BLOCK_CAPTURE_AUTORELEASING = YES;
				CLANG_WARN_BOOL_CONVERSION = YES;
				CLANG_WARN_COMMA = YES;
				CLANG_WARN_CONSTANT_CONVERSION = YES;
				CLANG_WARN_DEPRECATED_OBJC_IMPLEMENTATIONS = YES;
				CLANG_WARN_DIRECT_OBJC_ISA_USAGE = YES_ERROR;
				CLANG_WARN_DOCUMENTATION_COMMENTS = YES;
				CLANG_WARN_EMPTY_BODY = YES;
				CLANG_WARN_ENUM_CONVERSION = YES;
				CLANG_WARN_INFINITE_RECURSION = YES;
				CLANG_WARN_INT_CONVERSION = YES;
				CLANG_WARN_NON_LITERAL_NULL_CONVERSION = YES;
				CLANG_WARN_OBJC_IMPLICIT_RETAIN_SELF = YES;
				CLANG_WARN_OBJC_LITERAL_CONVERSION = YES;
				CLANG_WARN_OBJC_ROOT_CLASS = YES_ERROR;
				CLANG_WARN_QUOTED_INCLUDE_IN_FRAMEWORK_HEADER = YES;
				CLANG_WARN_RANGE_LOOP_ANALYSIS = YES;
				CLANG_WARN_STRICT_PROTOTYPES = YES;
				CLANG_WARN_SUSPICIOUS_MOVE = YES;
				CLANG_WARN_UNGUARDED_AVAILABILITY = YES_AGGRESSIVE;
				CLANG_WARN_UNREACHABLE_CODE = YES;
				CLANG_WARN__DUPLICATE_METHOD_MATCH = YES;
				COPY_PHASE_STRIP = NO;
				DEBUG_INFORMATION_FORMAT = "dwarf-with-dsym";
				ENABLE_NS_ASSERTIONS = NO;
				ENABLE_STRICT_OBJC_MSGSEND = YES;
				EXCLUDED_ARCHS = "";
				"EXCLUDED_ARCHS[sdk=iphonesimulator*]" = arm64;
				GCC_C_LANGUAGE_STANDARD = gnu11;
				GCC_NO_COMMON_BLOCKS = YES;
				GCC_WARN_64_TO_32_BIT_CONVERSION = YES;
				GCC_WARN_ABOUT_RETURN_TYPE = YES_ERROR;
				GCC_WARN_UNDECLARED_SELECTOR = YES;
				GCC_WARN_UNINITIALIZED_AUTOS = YES_AGGRESSIVE;
				GCC_WARN_UNUSED_FUNCTION = YES;
				GCC_WARN_UNUSED_VARIABLE = YES;
				IPHONEOS_DEPLOYMENT_TARGET = 13.0;
				MTL_ENABLE_DEBUG_INFO = NO;
				MTL_FAST_MATH = YES;
				SDKROOT = iphoneos;
				SWIFT_COMPILATION_MODE = wholemodule;
				SWIFT_OPTIMIZATION_LEVEL = "-O";
				VALIDATE_PRODUCT = YES;
			};
			name = Release;
		};
		233BEB322606F351007ABBED /* Debug */ = {
			isa = XCBuildConfiguration;
			baseConfigurationReference = 0CB45CA5332BECA822C99B3F /* Pods-TestProject.debug.xcconfig */;
			buildSettings = {
				ASSETCATALOG_COMPILER_APPICON_NAME = AppIcon;
				ASSETCATALOG_COMPILER_GLOBAL_ACCENT_COLOR_NAME = AccentColor;
				CODE_SIGN_IDENTITY = "Apple Development";
				CODE_SIGN_STYLE = Manual;
				DEVELOPMENT_TEAM = "";
				EXCLUDED_ARCHS = arm64;
				GCC_TREAT_WARNINGS_AS_ERRORS = YES;
				INFOPLIST_FILE = TestProject/Info.plist;
				LD_RUNPATH_SEARCH_PATHS = (
					"$(inherited)",
					"@executable_path/Frameworks",
				);
				PRODUCT_BUNDLE_IDENTIFIER = none.TestProject;
				PRODUCT_NAME = "$(TARGET_NAME)";
				PROVISIONING_PROFILE_SPECIFIER = "";
				SWIFT_TREAT_WARNINGS_AS_ERRORS = YES;
				SWIFT_VERSION = 5.0;
				TARGETED_DEVICE_FAMILY = "1,2";
			};
			name = Debug;
		};
		233BEB332606F351007ABBED /* Release */ = {
			isa = XCBuildConfiguration;
			baseConfigurationReference = 79366849AAEB8CF63132EC3E /* Pods-TestProject.release.xcconfig */;
			buildSettings = {
				ASSETCATALOG_COMPILER_APPICON_NAME = AppIcon;
				ASSETCATALOG_COMPILER_GLOBAL_ACCENT_COLOR_NAME = AccentColor;
				CODE_SIGN_IDENTITY = "Apple Development";
				CODE_SIGN_STYLE = Manual;
				DEVELOPMENT_TEAM = "";
				EXCLUDED_ARCHS = arm64;
				GCC_TREAT_WARNINGS_AS_ERRORS = YES;
				INFOPLIST_FILE = TestProject/Info.plist;
				LD_RUNPATH_SEARCH_PATHS = (
					"$(inherited)",
					"@executable_path/Frameworks",
				);
				PRODUCT_BUNDLE_IDENTIFIER = none.TestProject;
				PRODUCT_NAME = "$(TARGET_NAME)";
				PROVISIONING_PROFILE_SPECIFIER = "";
				SWIFT_TREAT_WARNINGS_AS_ERRORS = YES;
				SWIFT_VERSION = 5.0;
				TARGETED_DEVICE_FAMILY = "1,2";
			};
			name = Release;
		};
		233BED3E2607898E007ABBED /* Debug */ = {
			isa = XCBuildConfiguration;
			baseConfigurationReference = F3C2C078A9C7FF276DB89683 /* Pods-TestProject-TestProjectUITests.debug.xcconfig */;
			buildSettings = {
				CODE_SIGN_STYLE = Automatic;
				INFOPLIST_FILE = TestProjectUITests/Info.plist;
				IPHONEOS_DEPLOYMENT_TARGET = 13.0;
				LD_RUNPATH_SEARCH_PATHS = (
					"$(inherited)",
					"@executable_path/Frameworks",
					"@loader_path/Frameworks",
				);
				PRODUCT_BUNDLE_IDENTIFIER = none.TestProjectUITests;
				PRODUCT_NAME = "$(TARGET_NAME)";
				SWIFT_VERSION = 5.0;
				TARGETED_DEVICE_FAMILY = "1,2";
				TEST_TARGET_NAME = TestProject;
			};
			name = Debug;
		};
		233BED3F2607898E007ABBED /* Release */ = {
			isa = XCBuildConfiguration;
			baseConfigurationReference = 0A2FAB267C8CDB3CAE284629 /* Pods-TestProject-TestProjectUITests.release.xcconfig */;
			buildSettings = {
				CODE_SIGN_STYLE = Automatic;
				INFOPLIST_FILE = TestProjectUITests/Info.plist;
				IPHONEOS_DEPLOYMENT_TARGET = 13.0;
				LD_RUNPATH_SEARCH_PATHS = (
					"$(inherited)",
					"@executable_path/Frameworks",
					"@loader_path/Frameworks",
				);
				PRODUCT_BUNDLE_IDENTIFIER = none.TestProjectUITests;
				PRODUCT_NAME = "$(TARGET_NAME)";
				SWIFT_VERSION = 5.0;
				TARGETED_DEVICE_FAMILY = "1,2";
				TEST_TARGET_NAME = TestProject;
			};
			name = Release;
		};
		233BEDBB2607AD51007ABBED /* Debug */ = {
			isa = XCBuildConfiguration;
			baseConfigurationReference = B4A7867F56CFA4C34A22D656 /* Pods-TestProjectTests.debug.xcconfig */;
			buildSettings = {
				BUNDLE_LOADER = "$(TEST_HOST)";
				CODE_SIGN_STYLE = Automatic;
				INFOPLIST_FILE = TestProjectTests/Info.plist;
				IPHONEOS_DEPLOYMENT_TARGET = 13.0;
				LD_RUNPATH_SEARCH_PATHS = (
					"$(inherited)",
					"@executable_path/Frameworks",
					"@loader_path/Frameworks",
				);
				PRODUCT_BUNDLE_IDENTIFIER = none.TestProjectTests;
				PRODUCT_NAME = "$(TARGET_NAME)";
				SWIFT_VERSION = 5.0;
				TARGETED_DEVICE_FAMILY = "1,2";
				TEST_HOST = "$(BUILT_PRODUCTS_DIR)/TestProject.app/TestProject";
			};
			name = Debug;
		};
		233BEDBC2607AD51007ABBED /* Release */ = {
			isa = XCBuildConfiguration;
			baseConfigurationReference = 914659325AE2AA4570AE1E46 /* Pods-TestProjectTests.release.xcconfig */;
			buildSettings = {
				BUNDLE_LOADER = "$(TEST_HOST)";
				CODE_SIGN_STYLE = Automatic;
				INFOPLIST_FILE = TestProjectTests/Info.plist;
				IPHONEOS_DEPLOYMENT_TARGET = 13.0;
				LD_RUNPATH_SEARCH_PATHS = (
					"$(inherited)",
					"@executable_path/Frameworks",
					"@loader_path/Frameworks",
				);
				PRODUCT_BUNDLE_IDENTIFIER = none.TestProjectTests;
				PRODUCT_NAME = "$(TARGET_NAME)";
				SWIFT_VERSION = 5.0;
				TARGETED_DEVICE_FAMILY = "1,2";
				TEST_HOST = "$(BUILT_PRODUCTS_DIR)/TestProject.app/TestProject";
			};
			name = Release;
		};
		23CA5CBC26091D6C00E0DD3C /* Debug */ = {
			isa = XCBuildConfiguration;
			buildSettings = {
				ASSETCATALOG_COMPILER_APPICON_NAME = AppIcon;
				ASSETCATALOG_COMPILER_GLOBAL_ACCENT_COLOR_NAME = AccentColor;
				CODE_SIGN_STYLE = Automatic;
				INFOPLIST_FILE = TestLocalizable/Info.plist;
				IPHONEOS_DEPLOYMENT_TARGET = 13.0;
				LD_RUNPATH_SEARCH_PATHS = (
					"$(inherited)",
					"@executable_path/Frameworks",
				);
				PRODUCT_BUNDLE_IDENTIFIER = none.TestLocalizable;
				PRODUCT_NAME = "$(TARGET_NAME)";
				SWIFT_VERSION = 5.0;
				TARGETED_DEVICE_FAMILY = "1,2";
			};
			name = Debug;
		};
		23CA5CBD26091D6C00E0DD3C /* Release */ = {
			isa = XCBuildConfiguration;
			buildSettings = {
				ASSETCATALOG_COMPILER_APPICON_NAME = AppIcon;
				ASSETCATALOG_COMPILER_GLOBAL_ACCENT_COLOR_NAME = AccentColor;
				CODE_SIGN_STYLE = Automatic;
				INFOPLIST_FILE = TestLocalizable/Info.plist;
				IPHONEOS_DEPLOYMENT_TARGET = 13.0;
				LD_RUNPATH_SEARCH_PATHS = (
					"$(inherited)",
					"@executable_path/Frameworks",
				);
				PRODUCT_BUNDLE_IDENTIFIER = none.TestLocalizable;
				PRODUCT_NAME = "$(TARGET_NAME)";
				SWIFT_VERSION = 5.0;
				TARGETED_DEVICE_FAMILY = "1,2";
			};
			name = Release;
		};
		2CCFF7DF2711EB1C008B313B /* Staging With Spaces */ = {
			isa = XCBuildConfiguration;
			buildSettings = {
				ALWAYS_SEARCH_USER_PATHS = NO;
				CLANG_ANALYZER_NONNULL = YES;
				CLANG_ANALYZER_NUMBER_OBJECT_CONVERSION = YES_AGGRESSIVE;
				CLANG_CXX_LANGUAGE_STANDARD = "gnu++14";
				CLANG_CXX_LIBRARY = "libc++";
				CLANG_ENABLE_MODULES = YES;
				CLANG_ENABLE_OBJC_ARC = YES;
				CLANG_ENABLE_OBJC_WEAK = YES;
				CLANG_WARN_BLOCK_CAPTURE_AUTORELEASING = YES;
				CLANG_WARN_BOOL_CONVERSION = YES;
				CLANG_WARN_COMMA = YES;
				CLANG_WARN_CONSTANT_CONVERSION = YES;
				CLANG_WARN_DEPRECATED_OBJC_IMPLEMENTATIONS = YES;
				CLANG_WARN_DIRECT_OBJC_ISA_USAGE = YES_ERROR;
				CLANG_WARN_DOCUMENTATION_COMMENTS = YES;
				CLANG_WARN_EMPTY_BODY = YES;
				CLANG_WARN_ENUM_CONVERSION = YES;
				CLANG_WARN_INFINITE_RECURSION = YES;
				CLANG_WARN_INT_CONVERSION = YES;
				CLANG_WARN_NON_LITERAL_NULL_CONVERSION = YES;
				CLANG_WARN_OBJC_IMPLICIT_RETAIN_SELF = YES;
				CLANG_WARN_OBJC_LITERAL_CONVERSION = YES;
				CLANG_WARN_OBJC_ROOT_CLASS = YES_ERROR;
				CLANG_WARN_QUOTED_INCLUDE_IN_FRAMEWORK_HEADER = YES;
				CLANG_WARN_RANGE_LOOP_ANALYSIS = YES;
				CLANG_WARN_STRICT_PROTOTYPES = YES;
				CLANG_WARN_SUSPICIOUS_MOVE = YES;
				CLANG_WARN_UNGUARDED_AVAILABILITY = YES_AGGRESSIVE;
				CLANG_WARN_UNREACHABLE_CODE = YES;
				CLANG_WARN__DUPLICATE_METHOD_MATCH = YES;
				COPY_PHASE_STRIP = NO;
				DEBUG_INFORMATION_FORMAT = dwarf;
				ENABLE_STRICT_OBJC_MSGSEND = YES;
				ENABLE_TESTABILITY = YES;
				EXCLUDED_ARCHS = "";
				"EXCLUDED_ARCHS[sdk=iphonesimulator*]" = arm64;
				GCC_C_LANGUAGE_STANDARD = gnu11;
				GCC_DYNAMIC_NO_PIC = NO;
				GCC_NO_COMMON_BLOCKS = YES;
				GCC_OPTIMIZATION_LEVEL = 0;
				GCC_PREPROCESSOR_DEFINITIONS = (
					"DEBUG=1",
					"$(inherited)",
				);
				GCC_WARN_64_TO_32_BIT_CONVERSION = YES;
				GCC_WARN_ABOUT_RETURN_TYPE = YES_ERROR;
				GCC_WARN_UNDECLARED_SELECTOR = YES;
				GCC_WARN_UNINITIALIZED_AUTOS = YES_AGGRESSIVE;
				GCC_WARN_UNUSED_FUNCTION = YES;
				GCC_WARN_UNUSED_VARIABLE = YES;
				IPHONEOS_DEPLOYMENT_TARGET = 13.0;
				MTL_ENABLE_DEBUG_INFO = INCLUDE_SOURCE;
				MTL_FAST_MATH = YES;
				ONLY_ACTIVE_ARCH = YES;
				SDKROOT = iphoneos;
				SWIFT_ACTIVE_COMPILATION_CONDITIONS = STAGING;
				SWIFT_OPTIMIZATION_LEVEL = "-Onone";
			};
			name = "Staging With Spaces";
		};
		2CCFF7E02711EB1C008B313B /* Staging With Spaces */ = {
			isa = XCBuildConfiguration;
			baseConfigurationReference = 14CC5668D839F208983AA107 /* Pods-TestProject.staging with spaces.xcconfig */;
			buildSettings = {
				ASSETCATALOG_COMPILER_APPICON_NAME = AppIcon;
				ASSETCATALOG_COMPILER_GLOBAL_ACCENT_COLOR_NAME = AccentColor;
				CODE_SIGN_IDENTITY = "Apple Development";
				CODE_SIGN_STYLE = Manual;
				DEVELOPMENT_TEAM = "";
				EXCLUDED_ARCHS = arm64;
				GCC_TREAT_WARNINGS_AS_ERRORS = YES;
				INFOPLIST_FILE = TestProject/Info.plist;
				LD_RUNPATH_SEARCH_PATHS = (
					"$(inherited)",
					"@executable_path/Frameworks",
				);
				PRODUCT_BUNDLE_IDENTIFIER = none.TestProject;
				PRODUCT_NAME = "$(TARGET_NAME)";
				PROVISIONING_PROFILE_SPECIFIER = "";
				SWIFT_TREAT_WARNINGS_AS_ERRORS = YES;
				SWIFT_VERSION = 5.0;
				TARGETED_DEVICE_FAMILY = "1,2";
			};
			name = "Staging With Spaces";
		};
		2CCFF7E12711EB1C008B313B /* Staging With Spaces */ = {
			isa = XCBuildConfiguration;
			baseConfigurationReference = D5DC2F4A2A925832E1FCB35F /* Pods-TestProject-TestProjectUITests.staging with spaces.xcconfig */;
			buildSettings = {
				CODE_SIGN_STYLE = Automatic;
				INFOPLIST_FILE = TestProjectUITests/Info.plist;
				IPHONEOS_DEPLOYMENT_TARGET = 13.0;
				LD_RUNPATH_SEARCH_PATHS = (
					"$(inherited)",
					"@executable_path/Frameworks",
					"@loader_path/Frameworks",
				);
				PRODUCT_BUNDLE_IDENTIFIER = none.TestProjectUITests;
				PRODUCT_NAME = "$(TARGET_NAME)";
				SWIFT_VERSION = 5.0;
				TARGETED_DEVICE_FAMILY = "1,2";
				TEST_TARGET_NAME = TestProject;
			};
			name = "Staging With Spaces";
		};
		2CCFF7E22711EB1C008B313B /* Staging With Spaces */ = {
			isa = XCBuildConfiguration;
			baseConfigurationReference = C0FF5B499D4A3B76E8CBBAFB /* Pods-TestProjectTests.staging with spaces.xcconfig */;
			buildSettings = {
				BUNDLE_LOADER = "$(TEST_HOST)";
				CODE_SIGN_STYLE = Automatic;
				INFOPLIST_FILE = TestProjectTests/Info.plist;
				IPHONEOS_DEPLOYMENT_TARGET = 13.0;
				LD_RUNPATH_SEARCH_PATHS = (
					"$(inherited)",
					"@executable_path/Frameworks",
					"@loader_path/Frameworks",
				);
				PRODUCT_BUNDLE_IDENTIFIER = none.TestProjectTests;
				PRODUCT_NAME = "$(TARGET_NAME)";
				SWIFT_VERSION = 5.0;
				TARGETED_DEVICE_FAMILY = "1,2";
				TEST_HOST = "$(BUILT_PRODUCTS_DIR)/TestProject.app/TestProject";
			};
			name = "Staging With Spaces";
		};
		2CCFF7E32711EB1C008B313B /* Staging With Spaces */ = {
			isa = XCBuildConfiguration;
			buildSettings = {
				ASSETCATALOG_COMPILER_APPICON_NAME = AppIcon;
				ASSETCATALOG_COMPILER_GLOBAL_ACCENT_COLOR_NAME = AccentColor;
				CODE_SIGN_STYLE = Automatic;
				INFOPLIST_FILE = TestLocalizable/Info.plist;
				IPHONEOS_DEPLOYMENT_TARGET = 13.0;
				LD_RUNPATH_SEARCH_PATHS = (
					"$(inherited)",
					"@executable_path/Frameworks",
				);
				PRODUCT_BUNDLE_IDENTIFIER = none.TestLocalizable;
				PRODUCT_NAME = "$(TARGET_NAME)";
				SWIFT_VERSION = 5.0;
				TARGETED_DEVICE_FAMILY = "1,2";
			};
			name = "Staging With Spaces";
		};
/* End XCBuildConfiguration section */

/* Begin XCConfigurationList section */
		233BEB182606F350007ABBED /* Build configuration list for PBXProject "TestProject" */ = {
			isa = XCConfigurationList;
			buildConfigurations = (
				233BEB2F2606F351007ABBED /* Debug */,
				2CCFF7DF2711EB1C008B313B /* Staging With Spaces */,
				233BEB302606F351007ABBED /* Release */,
			);
			defaultConfigurationIsVisible = 0;
			defaultConfigurationName = Release;
		};
		233BEB312606F351007ABBED /* Build configuration list for PBXNativeTarget "TestProject" */ = {
			isa = XCConfigurationList;
			buildConfigurations = (
				233BEB322606F351007ABBED /* Debug */,
				2CCFF7E02711EB1C008B313B /* Staging With Spaces */,
				233BEB332606F351007ABBED /* Release */,
			);
			defaultConfigurationIsVisible = 0;
			defaultConfigurationName = Release;
		};
		233BED3D2607898E007ABBED /* Build configuration list for PBXNativeTarget "TestProjectUITests" */ = {
			isa = XCConfigurationList;
			buildConfigurations = (
				233BED3E2607898E007ABBED /* Debug */,
				2CCFF7E12711EB1C008B313B /* Staging With Spaces */,
				233BED3F2607898E007ABBED /* Release */,
			);
			defaultConfigurationIsVisible = 0;
			defaultConfigurationName = Release;
		};
		233BEDBA2607AD51007ABBED /* Build configuration list for PBXNativeTarget "TestProjectTests" */ = {
			isa = XCConfigurationList;
			buildConfigurations = (
				233BEDBB2607AD51007ABBED /* Debug */,
				2CCFF7E22711EB1C008B313B /* Staging With Spaces */,
				233BEDBC2607AD51007ABBED /* Release */,
			);
			defaultConfigurationIsVisible = 0;
			defaultConfigurationName = Release;
		};
		23CA5CBE26091D6C00E0DD3C /* Build configuration list for PBXNativeTarget "TestLocalizable" */ = {
			isa = XCConfigurationList;
			buildConfigurations = (
				23CA5CBC26091D6C00E0DD3C /* Debug */,
				2CCFF7E32711EB1C008B313B /* Staging With Spaces */,
				23CA5CBD26091D6C00E0DD3C /* Release */,
			);
			defaultConfigurationIsVisible = 0;
			defaultConfigurationName = Release;
		};
/* End XCConfigurationList section */
	};
	rootObject = 233BEB152606F350007ABBED /* Project object */;
}
