// !$*UTF8*$!
{
	archiveVersion = 1;
	classes = {
	};
	objectVersion = 55;
	objects = {

/* Begin PBXBuildFile section */
		113B3E4028315665004D67D3 /* AppDelegate.swift in Sources */ = {isa = PBXBuildFile; fileRef = 113B3E3F28315665004D67D3 /* AppDelegate.swift */; };
		113B3E4228315665004D67D3 /* SceneDelegate.swift in Sources */ = {isa = PBXBuildFile; fileRef = 113B3E4128315665004D67D3 /* SceneDelegate.swift */; };
		113B3E4428315665004D67D3 /* ViewController.swift in Sources */ = {isa = PBXBuildFile; fileRef = 113B3E4328315665004D67D3 /* ViewController.swift */; };
		113B3E4728315665004D67D3 /* Main.storyboard in Resources */ = {isa = PBXBuildFile; fileRef = 113B3E4528315665004D67D3 /* Main.storyboard */; };
		113B3E4928315666004D67D3 /* Assets.xcassets in Resources */ = {isa = PBXBuildFile; fileRef = 113B3E4828315666004D67D3 /* Assets.xcassets */; };
		113B3E4C28315666004D67D3 /* LaunchScreen.storyboard in Resources */ = {isa = PBXBuildFile; fileRef = 113B3E4A28315666004D67D3 /* LaunchScreen.storyboard */; };
		113B3E5728315666004D67D3 /* FlutterRugbyIntegrationTests.swift in Sources */ = {isa = PBXBuildFile; fileRef = 113B3E5628315666004D67D3 /* FlutterRugbyIntegrationTests.swift */; };
		113B3E6128315666004D67D3 /* FlutterRugbyIntegrationUITests.swift in Sources */ = {isa = PBXBuildFile; fileRef = 113B3E6028315666004D67D3 /* FlutterRugbyIntegrationUITests.swift */; };
		113B3E6328315666004D67D3 /* FlutterRugbyIntegrationUITestsLaunchTests.swift in Sources */ = {isa = PBXBuildFile; fileRef = 113B3E6228315666004D67D3 /* FlutterRugbyIntegrationUITestsLaunchTests.swift */; };
		3E08A32B82E5B2668023C90C /* Pods_FlutterRugbyIntegrationTests.framework in Frameworks */ = {isa = PBXBuildFile; fileRef = F0C3CCE2164EBF2A8998045F /* Pods_FlutterRugbyIntegrationTests.framework */; };
		8F033BE277FEAD7797A8F832 /* Pods_FlutterRugbyIntegration.framework in Frameworks */ = {isa = PBXBuildFile; fileRef = FAFD27D1E432965CABB82DD6 /* Pods_FlutterRugbyIntegration.framework */; };
		E5BBA348F11DFB7D66C0401A /* Pods_FlutterRugbyIntegration_FlutterRugbyIntegrationUITests.framework in Frameworks */ = {isa = PBXBuildFile; fileRef = A891889E8799C0721B00BE4C /* Pods_FlutterRugbyIntegration_FlutterRugbyIntegrationUITests.framework */; };
/* End PBXBuildFile section */

/* Begin PBXContainerItemProxy section */
		113B3E5328315666004D67D3 /* PBXContainerItemProxy */ = {
			isa = PBXContainerItemProxy;
			containerPortal = 113B3E3428315664004D67D3 /* Project object */;
			proxyType = 1;
			remoteGlobalIDString = 113B3E3B28315664004D67D3;
			remoteInfo = FlutterRugbyIntegration;
		};
		113B3E5D28315666004D67D3 /* PBXContainerItemProxy */ = {
			isa = PBXContainerItemProxy;
			containerPortal = 113B3E3428315664004D67D3 /* Project object */;
			proxyType = 1;
			remoteGlobalIDString = 113B3E3B28315664004D67D3;
			remoteInfo = FlutterRugbyIntegration;
		};
/* End PBXContainerItemProxy section */

/* Begin PBXFileReference section */
		0586BF52DBE0E80139F50201 /* Pods-FlutterRugbyIntegrationTests.debug.xcconfig */ = {isa = PBXFileReference; includeInIndex = 1; lastKnownFileType = text.xcconfig; name = "Pods-FlutterRugbyIntegrationTests.debug.xcconfig"; path = "Target Support Files/Pods-FlutterRugbyIntegrationTests/Pods-FlutterRugbyIntegrationTests.debug.xcconfig"; sourceTree = "<group>"; };
		0DE48E6E3D2959123F29CE0C /* Pods-FlutterRugbyIntegration-FlutterRugbyIntegrationUITests.release.xcconfig */ = {isa = PBXFileReference; includeInIndex = 1; lastKnownFileType = text.xcconfig; name = "Pods-FlutterRugbyIntegration-FlutterRugbyIntegrationUITests.release.xcconfig"; path = "Target Support Files/Pods-FlutterRugbyIntegration-FlutterRugbyIntegrationUITests/Pods-FlutterRugbyIntegration-FlutterRugbyIntegrationUITests.release.xcconfig"; sourceTree = "<group>"; };
		113B3E3C28315664004D67D3 /* FlutterRugbyIntegration.app */ = {isa = PBXFileReference; explicitFileType = wrapper.application; includeInIndex = 0; path = FlutterRugbyIntegration.app; sourceTree = BUILT_PRODUCTS_DIR; };
		113B3E3F28315665004D67D3 /* AppDelegate.swift */ = {isa = PBXFileReference; lastKnownFileType = sourcecode.swift; path = AppDelegate.swift; sourceTree = "<group>"; };
		113B3E4128315665004D67D3 /* SceneDelegate.swift */ = {isa = PBXFileReference; lastKnownFileType = sourcecode.swift; path = SceneDelegate.swift; sourceTree = "<group>"; };
		113B3E4328315665004D67D3 /* ViewController.swift */ = {isa = PBXFileReference; lastKnownFileType = sourcecode.swift; path = ViewController.swift; sourceTree = "<group>"; };
		113B3E4628315665004D67D3 /* Base */ = {isa = PBXFileReference; lastKnownFileType = file.storyboard; name = Base; path = Base.lproj/Main.storyboard; sourceTree = "<group>"; };
		113B3E4828315666004D67D3 /* Assets.xcassets */ = {isa = PBXFileReference; lastKnownFileType = folder.assetcatalog; path = Assets.xcassets; sourceTree = "<group>"; };
		113B3E4B28315666004D67D3 /* Base */ = {isa = PBXFileReference; lastKnownFileType = file.storyboard; name = Base; path = Base.lproj/LaunchScreen.storyboard; sourceTree = "<group>"; };
		113B3E4D28315666004D67D3 /* Info.plist */ = {isa = PBXFileReference; lastKnownFileType = text.plist.xml; path = Info.plist; sourceTree = "<group>"; };
		113B3E5228315666004D67D3 /* FlutterRugbyIntegrationTests.xctest */ = {isa = PBXFileReference; explicitFileType = wrapper.cfbundle; includeInIndex = 0; path = FlutterRugbyIntegrationTests.xctest; sourceTree = BUILT_PRODUCTS_DIR; };
		113B3E5628315666004D67D3 /* FlutterRugbyIntegrationTests.swift */ = {isa = PBXFileReference; lastKnownFileType = sourcecode.swift; path = FlutterRugbyIntegrationTests.swift; sourceTree = "<group>"; };
		113B3E5C28315666004D67D3 /* FlutterRugbyIntegrationUITests.xctest */ = {isa = PBXFileReference; explicitFileType = wrapper.cfbundle; includeInIndex = 0; path = FlutterRugbyIntegrationUITests.xctest; sourceTree = BUILT_PRODUCTS_DIR; };
		113B3E6028315666004D67D3 /* FlutterRugbyIntegrationUITests.swift */ = {isa = PBXFileReference; lastKnownFileType = sourcecode.swift; path = FlutterRugbyIntegrationUITests.swift; sourceTree = "<group>"; };
		113B3E6228315666004D67D3 /* FlutterRugbyIntegrationUITestsLaunchTests.swift */ = {isa = PBXFileReference; lastKnownFileType = sourcecode.swift; path = FlutterRugbyIntegrationUITestsLaunchTests.swift; sourceTree = "<group>"; };
		15F7A3B6A3198543206788A2 /* Pods-FlutterRugbyIntegration.debug.xcconfig */ = {isa = PBXFileReference; includeInIndex = 1; lastKnownFileType = text.xcconfig; name = "Pods-FlutterRugbyIntegration.debug.xcconfig"; path = "Target Support Files/Pods-FlutterRugbyIntegration/Pods-FlutterRugbyIntegration.debug.xcconfig"; sourceTree = "<group>"; };
		55E1F66CA42B8B87D1E20B56 /* Pods-FlutterRugbyIntegration.release.xcconfig */ = {isa = PBXFileReference; includeInIndex = 1; lastKnownFileType = text.xcconfig; name = "Pods-FlutterRugbyIntegration.release.xcconfig"; path = "Target Support Files/Pods-FlutterRugbyIntegration/Pods-FlutterRugbyIntegration.release.xcconfig"; sourceTree = "<group>"; };
		6B4C25D5FD36E75DC2FE3AE9 /* Pods-FlutterRugbyIntegration-FlutterRugbyIntegrationUITests.debug.xcconfig */ = {isa = PBXFileReference; includeInIndex = 1; lastKnownFileType = text.xcconfig; name = "Pods-FlutterRugbyIntegration-FlutterRugbyIntegrationUITests.debug.xcconfig"; path = "Target Support Files/Pods-FlutterRugbyIntegration-FlutterRugbyIntegrationUITests/Pods-FlutterRugbyIntegration-FlutterRugbyIntegrationUITests.debug.xcconfig"; sourceTree = "<group>"; };
		A891889E8799C0721B00BE4C /* Pods_FlutterRugbyIntegration_FlutterRugbyIntegrationUITests.framework */ = {isa = PBXFileReference; explicitFileType = wrapper.framework; includeInIndex = 0; path = Pods_FlutterRugbyIntegration_FlutterRugbyIntegrationUITests.framework; sourceTree = BUILT_PRODUCTS_DIR; };
		EC6A47B19B17B8284D4C58EE /* Pods-FlutterRugbyIntegrationTests.release.xcconfig */ = {isa = PBXFileReference; includeInIndex = 1; lastKnownFileType = text.xcconfig; name = "Pods-FlutterRugbyIntegrationTests.release.xcconfig"; path = "Target Support Files/Pods-FlutterRugbyIntegrationTests/Pods-FlutterRugbyIntegrationTests.release.xcconfig"; sourceTree = "<group>"; };
		F0C3CCE2164EBF2A8998045F /* Pods_FlutterRugbyIntegrationTests.framework */ = {isa = PBXFileReference; explicitFileType = wrapper.framework; includeInIndex = 0; path = Pods_FlutterRugbyIntegrationTests.framework; sourceTree = BUILT_PRODUCTS_DIR; };
		FAFD27D1E432965CABB82DD6 /* Pods_FlutterRugbyIntegration.framework */ = {isa = PBXFileReference; explicitFileType = wrapper.framework; includeInIndex = 0; path = Pods_FlutterRugbyIntegration.framework; sourceTree = BUILT_PRODUCTS_DIR; };
/* End PBXFileReference section */

/* Begin PBXFrameworksBuildPhase section */
		113B3E3928315664004D67D3 /* Frameworks */ = {
			isa = PBXFrameworksBuildPhase;
			buildActionMask = 2147483647;
			files = (
				8F033BE277FEAD7797A8F832 /* Pods_FlutterRugbyIntegration.framework in Frameworks */,
			);
			runOnlyForDeploymentPostprocessing = 0;
		};
		113B3E4F28315666004D67D3 /* Frameworks */ = {
			isa = PBXFrameworksBuildPhase;
			buildActionMask = 2147483647;
			files = (
				3E08A32B82E5B2668023C90C /* Pods_FlutterRugbyIntegrationTests.framework in Frameworks */,
			);
			runOnlyForDeploymentPostprocessing = 0;
		};
		113B3E5928315666004D67D3 /* Frameworks */ = {
			isa = PBXFrameworksBuildPhase;
			buildActionMask = 2147483647;
			files = (
				E5BBA348F11DFB7D66C0401A /* Pods_FlutterRugbyIntegration_FlutterRugbyIntegrationUITests.framework in Frameworks */,
			);
			runOnlyForDeploymentPostprocessing = 0;
		};
/* End PBXFrameworksBuildPhase section */

/* Begin PBXGroup section */
		113B3E3328315664004D67D3 = {
			isa = PBXGroup;
			children = (
				113B3E3E28315665004D67D3 /* FlutterRugbyIntegration */,
				113B3E5528315666004D67D3 /* FlutterRugbyIntegrationTests */,
				113B3E5F28315666004D67D3 /* FlutterRugbyIntegrationUITests */,
				113B3E3D28315664004D67D3 /* Products */,
				ACFABA27D1420F87EF6646DF /* Pods */,
				D34649655F446E94B17106B0 /* Frameworks */,
			);
			sourceTree = "<group>";
		};
		113B3E3D28315664004D67D3 /* Products */ = {
			isa = PBXGroup;
			children = (
				113B3E3C28315664004D67D3 /* FlutterRugbyIntegration.app */,
				113B3E5228315666004D67D3 /* FlutterRugbyIntegrationTests.xctest */,
				113B3E5C28315666004D67D3 /* FlutterRugbyIntegrationUITests.xctest */,
			);
			name = Products;
			sourceTree = "<group>";
		};
		113B3E3E28315665004D67D3 /* FlutterRugbyIntegration */ = {
			isa = PBXGroup;
			children = (
				113B3E3F28315665004D67D3 /* AppDelegate.swift */,
				113B3E4128315665004D67D3 /* SceneDelegate.swift */,
				113B3E4328315665004D67D3 /* ViewController.swift */,
				113B3E4528315665004D67D3 /* Main.storyboard */,
				113B3E4828315666004D67D3 /* Assets.xcassets */,
				113B3E4A28315666004D67D3 /* LaunchScreen.storyboard */,
				113B3E4D28315666004D67D3 /* Info.plist */,
			);
			path = FlutterRugbyIntegration;
			sourceTree = "<group>";
		};
		113B3E5528315666004D67D3 /* FlutterRugbyIntegrationTests */ = {
			isa = PBXGroup;
			children = (
				113B3E5628315666004D67D3 /* FlutterRugbyIntegrationTests.swift */,
			);
			path = FlutterRugbyIntegrationTests;
			sourceTree = "<group>";
		};
		113B3E5F28315666004D67D3 /* FlutterRugbyIntegrationUITests */ = {
			isa = PBXGroup;
			children = (
				113B3E6028315666004D67D3 /* FlutterRugbyIntegrationUITests.swift */,
				113B3E6228315666004D67D3 /* FlutterRugbyIntegrationUITestsLaunchTests.swift */,
			);
			path = FlutterRugbyIntegrationUITests;
			sourceTree = "<group>";
		};
		ACFABA27D1420F87EF6646DF /* Pods */ = {
			isa = PBXGroup;
			children = (
				15F7A3B6A3198543206788A2 /* Pods-FlutterRugbyIntegration.debug.xcconfig */,
				55E1F66CA42B8B87D1E20B56 /* Pods-FlutterRugbyIntegration.release.xcconfig */,
				6B4C25D5FD36E75DC2FE3AE9 /* Pods-FlutterRugbyIntegration-FlutterRugbyIntegrationUITests.debug.xcconfig */,
				0DE48E6E3D2959123F29CE0C /* Pods-FlutterRugbyIntegration-FlutterRugbyIntegrationUITests.release.xcconfig */,
				0586BF52DBE0E80139F50201 /* Pods-FlutterRugbyIntegrationTests.debug.xcconfig */,
				EC6A47B19B17B8284D4C58EE /* Pods-FlutterRugbyIntegrationTests.release.xcconfig */,
			);
			path = Pods;
			sourceTree = "<group>";
		};
		D34649655F446E94B17106B0 /* Frameworks */ = {
			isa = PBXGroup;
			children = (
				FAFD27D1E432965CABB82DD6 /* Pods_FlutterRugbyIntegration.framework */,
				A891889E8799C0721B00BE4C /* Pods_FlutterRugbyIntegration_FlutterRugbyIntegrationUITests.framework */,
				F0C3CCE2164EBF2A8998045F /* Pods_FlutterRugbyIntegrationTests.framework */,
			);
			name = Frameworks;
			sourceTree = "<group>";
		};
/* End PBXGroup section */

/* Begin PBXNativeTarget section */
		113B3E3B28315664004D67D3 /* FlutterRugbyIntegration */ = {
			isa = PBXNativeTarget;
			buildConfigurationList = 113B3E6628315666004D67D3 /* Build configuration list for PBXNativeTarget "FlutterRugbyIntegration" */;
			buildPhases = (
				D0E594671E3B5F30355CD90B /* [CP] Check Pods Manifest.lock */,
				11757BDF2832328400E2F34C /* Flutter build phase */,
				113B3E3828315664004D67D3 /* Sources */,
				113B3E3928315664004D67D3 /* Frameworks */,
				113B3E3A28315664004D67D3 /* Resources */,
				8749C9EC6BBFE8E8535E8B0C /* [CP] Embed Pods Frameworks */,
			);
			buildRules = (
			);
			dependencies = (
			);
			name = FlutterRugbyIntegration;
			productName = FlutterRugbyIntegration;
			productReference = 113B3E3C28315664004D67D3 /* FlutterRugbyIntegration.app */;
			productType = "com.apple.product-type.application";
		};
		113B3E5128315666004D67D3 /* FlutterRugbyIntegrationTests */ = {
			isa = PBXNativeTarget;
			buildConfigurationList = 113B3E6928315666004D67D3 /* Build configuration list for PBXNativeTarget "FlutterRugbyIntegrationTests" */;
			buildPhases = (
				A2F49E1326D979ABF5B20398 /* [CP] Check Pods Manifest.lock */,
				113B3E4E28315666004D67D3 /* Sources */,
				113B3E4F28315666004D67D3 /* Frameworks */,
				113B3E5028315666004D67D3 /* Resources */,
			);
			buildRules = (
			);
			dependencies = (
				113B3E5428315666004D67D3 /* PBXTargetDependency */,
			);
			name = FlutterRugbyIntegrationTests;
			productName = FlutterRugbyIntegrationTests;
			productReference = 113B3E5228315666004D67D3 /* FlutterRugbyIntegrationTests.xctest */;
			productType = "com.apple.product-type.bundle.unit-test";
		};
		113B3E5B28315666004D67D3 /* FlutterRugbyIntegrationUITests */ = {
			isa = PBXNativeTarget;
			buildConfigurationList = 113B3E6C28315666004D67D3 /* Build configuration list for PBXNativeTarget "FlutterRugbyIntegrationUITests" */;
			buildPhases = (
				43E747F00D9B3542D75D67A2 /* [CP] Check Pods Manifest.lock */,
				113B3E5828315666004D67D3 /* Sources */,
				113B3E5928315666004D67D3 /* Frameworks */,
				113B3E5A28315666004D67D3 /* Resources */,
				E0C1CF0052757E0F1C635F77 /* [CP] Embed Pods Frameworks */,
			);
			buildRules = (
			);
			dependencies = (
				113B3E5E28315666004D67D3 /* PBXTargetDependency */,
			);
			name = FlutterRugbyIntegrationUITests;
			productName = FlutterRugbyIntegrationUITests;
			productReference = 113B3E5C28315666004D67D3 /* FlutterRugbyIntegrationUITests.xctest */;
			productType = "com.apple.product-type.bundle.ui-testing";
		};
/* End PBXNativeTarget section */

/* Begin PBXProject section */
		113B3E3428315664004D67D3 /* Project object */ = {
			isa = PBXProject;
			attributes = {
				BuildIndependentTargetsInParallel = 1;
				LastSwiftUpdateCheck = 1320;
				LastUpgradeCheck = 1320;
				TargetAttributes = {
					113B3E3B28315664004D67D3 = {
						CreatedOnToolsVersion = 13.2.1;
					};
					113B3E5128315666004D67D3 = {
						CreatedOnToolsVersion = 13.2.1;
						TestTargetID = 113B3E3B28315664004D67D3;
					};
					113B3E5B28315666004D67D3 = {
						CreatedOnToolsVersion = 13.2.1;
						TestTargetID = 113B3E3B28315664004D67D3;
					};
				};
			};
			buildConfigurationList = 113B3E3728315664004D67D3 /* Build configuration list for PBXProject "FlutterRugbyIntegration" */;
			compatibilityVersion = "Xcode 13.0";
			developmentRegion = en;
			hasScannedForEncodings = 0;
			knownRegions = (
				en,
				Base,
			);
			mainGroup = 113B3E3328315664004D67D3;
			productRefGroup = 113B3E3D28315664004D67D3 /* Products */;
			projectDirPath = "";
			projectRoot = "";
			targets = (
				113B3E3B28315664004D67D3 /* FlutterRugbyIntegration */,
				113B3E5128315666004D67D3 /* FlutterRugbyIntegrationTests */,
				113B3E5B28315666004D67D3 /* FlutterRugbyIntegrationUITests */,
			);
		};
/* End PBXProject section */

/* Begin PBXResourcesBuildPhase section */
		113B3E3A28315664004D67D3 /* Resources */ = {
			isa = PBXResourcesBuildPhase;
			buildActionMask = 2147483647;
			files = (
				113B3E4C28315666004D67D3 /* LaunchScreen.storyboard in Resources */,
				113B3E4928315666004D67D3 /* Assets.xcassets in Resources */,
				113B3E4728315665004D67D3 /* Main.storyboard in Resources */,
			);
			runOnlyForDeploymentPostprocessing = 0;
		};
		113B3E5028315666004D67D3 /* Resources */ = {
			isa = PBXResourcesBuildPhase;
			buildActionMask = 2147483647;
			files = (
			);
			runOnlyForDeploymentPostprocessing = 0;
		};
		113B3E5A28315666004D67D3 /* Resources */ = {
			isa = PBXResourcesBuildPhase;
			buildActionMask = 2147483647;
			files = (
			);
			runOnlyForDeploymentPostprocessing = 0;
		};
/* End PBXResourcesBuildPhase section */

/* Begin PBXShellScriptBuildPhase section */
		11757BDF2832328400E2F34C /* Flutter build phase */ = {
			isa = PBXShellScriptBuildPhase;
			buildActionMask = 2147483647;
			files = (
			);
			inputFileListPaths = (
			);
			inputPaths = (
			);
			name = "Flutter build phase";
			outputFileListPaths = (
			);
			outputPaths = (
			);
			runOnlyForDeploymentPostprocessing = 0;
			shellPath = /bin/sh;
			shellScript = "# Type a script or drag a script file from your workspace to insert its path.\n\nset -e\nset -u\nsource \"${SRCROOT}/Flutter/.ios/Flutter/flutter_export_environment.sh\"\n\necho \"Building Flutter for architecture: $ARCHS\"\n\nif [[ $ARCHS == *\"arm\"* ]]; then\n  echo \"Building Flutter Release\"\n  export \"FLUTTER_BUILD_MODE=RELEASE\"\n\nelse\n  echo \"Building Flutter Debug\"\n  export \"FLUTTER_BUILD_MODE=DEBUG\"\nfi\n\nexport VERBOSE_SCRIPT_LOGGING=1 && \"$FLUTTER_ROOT\"/packages/flutter_tools/bin/xcode_backend.sh build\n\n";
		};
		43E747F00D9B3542D75D67A2 /* [CP] Check Pods Manifest.lock */ = {
			isa = PBXShellScriptBuildPhase;
			buildActionMask = 2147483647;
			files = (
			);
			inputFileListPaths = (
			);
			inputPaths = (
				"${PODS_PODFILE_DIR_PATH}/Podfile.lock",
				"${PODS_ROOT}/Manifest.lock",
			);
			name = "[CP] Check Pods Manifest.lock";
			outputFileListPaths = (
			);
			outputPaths = (
				"$(DERIVED_FILE_DIR)/Pods-FlutterRugbyIntegration-FlutterRugbyIntegrationUITests-checkManifestLockResult.txt",
			);
			runOnlyForDeploymentPostprocessing = 0;
			shellPath = /bin/sh;
			shellScript = "diff \"${PODS_PODFILE_DIR_PATH}/Podfile.lock\" \"${PODS_ROOT}/Manifest.lock\" > /dev/null\nif [ $? != 0 ] ; then\n    # print error to STDERR\n    echo \"error: The sandbox is not in sync with the Podfile.lock. Run 'pod install' or update your CocoaPods installation.\" >&2\n    exit 1\nfi\n# This output is used by Xcode 'outputs' to avoid re-running this script phase.\necho \"SUCCESS\" > \"${SCRIPT_OUTPUT_FILE_0}\"\n";
			showEnvVarsInLog = 0;
		};
		8749C9EC6BBFE8E8535E8B0C /* [CP] Embed Pods Frameworks */ = {
			isa = PBXShellScriptBuildPhase;
			buildActionMask = 2147483647;
			files = (
			);
			inputFileListPaths = (
				"${PODS_ROOT}/Target Support Files/Pods-FlutterRugbyIntegration/Pods-FlutterRugbyIntegration-frameworks-${CONFIGURATION}-input-files.xcfilelist",
			);
			name = "[CP] Embed Pods Frameworks";
			outputFileListPaths = (
				"${PODS_ROOT}/Target Support Files/Pods-FlutterRugbyIntegration/Pods-FlutterRugbyIntegration-frameworks-${CONFIGURATION}-output-files.xcfilelist",
			);
			runOnlyForDeploymentPostprocessing = 0;
			shellPath = /bin/sh;
			shellScript = "\"${PODS_ROOT}/Target Support Files/Pods-FlutterRugbyIntegration/Pods-FlutterRugbyIntegration-frameworks.sh\"\n";
			showEnvVarsInLog = 0;
		};
		A2F49E1326D979ABF5B20398 /* [CP] Check Pods Manifest.lock */ = {
			isa = PBXShellScriptBuildPhase;
			buildActionMask = 2147483647;
			files = (
			);
			inputFileListPaths = (
			);
			inputPaths = (
				"${PODS_PODFILE_DIR_PATH}/Podfile.lock",
				"${PODS_ROOT}/Manifest.lock",
			);
			name = "[CP] Check Pods Manifest.lock";
			outputFileListPaths = (
			);
			outputPaths = (
				"$(DERIVED_FILE_DIR)/Pods-FlutterRugbyIntegrationTests-checkManifestLockResult.txt",
			);
			runOnlyForDeploymentPostprocessing = 0;
			shellPath = /bin/sh;
			shellScript = "diff \"${PODS_PODFILE_DIR_PATH}/Podfile.lock\" \"${PODS_ROOT}/Manifest.lock\" > /dev/null\nif [ $? != 0 ] ; then\n    # print error to STDERR\n    echo \"error: The sandbox is not in sync with the Podfile.lock. Run 'pod install' or update your CocoaPods installation.\" >&2\n    exit 1\nfi\n# This output is used by Xcode 'outputs' to avoid re-running this script phase.\necho \"SUCCESS\" > \"${SCRIPT_OUTPUT_FILE_0}\"\n";
			showEnvVarsInLog = 0;
		};
		D0E594671E3B5F30355CD90B /* [CP] Check Pods Manifest.lock */ = {
			isa = PBXShellScriptBuildPhase;
			buildActionMask = 2147483647;
			files = (
			);
			inputFileListPaths = (
			);
			inputPaths = (
				"${PODS_PODFILE_DIR_PATH}/Podfile.lock",
				"${PODS_ROOT}/Manifest.lock",
			);
			name = "[CP] Check Pods Manifest.lock";
			outputFileListPaths = (
			);
			outputPaths = (
				"$(DERIVED_FILE_DIR)/Pods-FlutterRugbyIntegration-checkManifestLockResult.txt",
			);
			runOnlyForDeploymentPostprocessing = 0;
			shellPath = /bin/sh;
			shellScript = "diff \"${PODS_PODFILE_DIR_PATH}/Podfile.lock\" \"${PODS_ROOT}/Manifest.lock\" > /dev/null\nif [ $? != 0 ] ; then\n    # print error to STDERR\n    echo \"error: The sandbox is not in sync with the Podfile.lock. Run 'pod install' or update your CocoaPods installation.\" >&2\n    exit 1\nfi\n# This output is used by Xcode 'outputs' to avoid re-running this script phase.\necho \"SUCCESS\" > \"${SCRIPT_OUTPUT_FILE_0}\"\n";
			showEnvVarsInLog = 0;
		};
		E0C1CF0052757E0F1C635F77 /* [CP] Embed Pods Frameworks */ = {
			isa = PBXShellScriptBuildPhase;
			buildActionMask = 2147483647;
			files = (
			);
			inputFileListPaths = (
				"${PODS_ROOT}/Target Support Files/Pods-FlutterRugbyIntegration-FlutterRugbyIntegrationUITests/Pods-FlutterRugbyIntegration-FlutterRugbyIntegrationUITests-frameworks-${CONFIGURATION}-input-files.xcfilelist",
			);
			name = "[CP] Embed Pods Frameworks";
			outputFileListPaths = (
				"${PODS_ROOT}/Target Support Files/Pods-FlutterRugbyIntegration-FlutterRugbyIntegrationUITests/Pods-FlutterRugbyIntegration-FlutterRugbyIntegrationUITests-frameworks-${CONFIGURATION}-output-files.xcfilelist",
			);
			runOnlyForDeploymentPostprocessing = 0;
			shellPath = /bin/sh;
			shellScript = "\"${PODS_ROOT}/Target Support Files/Pods-FlutterRugbyIntegration-FlutterRugbyIntegrationUITests/Pods-FlutterRugbyIntegration-FlutterRugbyIntegrationUITests-frameworks.sh\"\n";
			showEnvVarsInLog = 0;
		};
/* End PBXShellScriptBuildPhase section */

/* Begin PBXSourcesBuildPhase section */
		113B3E3828315664004D67D3 /* Sources */ = {
			isa = PBXSourcesBuildPhase;
			buildActionMask = 2147483647;
			files = (
				113B3E4428315665004D67D3 /* ViewController.swift in Sources */,
				113B3E4028315665004D67D3 /* AppDelegate.swift in Sources */,
				113B3E4228315665004D67D3 /* SceneDelegate.swift in Sources */,
			);
			runOnlyForDeploymentPostprocessing = 0;
		};
		113B3E4E28315666004D67D3 /* Sources */ = {
			isa = PBXSourcesBuildPhase;
			buildActionMask = 2147483647;
			files = (
				113B3E5728315666004D67D3 /* FlutterRugbyIntegrationTests.swift in Sources */,
			);
			runOnlyForDeploymentPostprocessing = 0;
		};
		113B3E5828315666004D67D3 /* Sources */ = {
			isa = PBXSourcesBuildPhase;
			buildActionMask = 2147483647;
			files = (
				113B3E6328315666004D67D3 /* FlutterRugbyIntegrationUITestsLaunchTests.swift in Sources */,
				113B3E6128315666004D67D3 /* FlutterRugbyIntegrationUITests.swift in Sources */,
			);
			runOnlyForDeploymentPostprocessing = 0;
		};
/* End PBXSourcesBuildPhase section */

/* Begin PBXTargetDependency section */
		113B3E5428315666004D67D3 /* PBXTargetDependency */ = {
			isa = PBXTargetDependency;
			target = 113B3E3B28315664004D67D3 /* FlutterRugbyIntegration */;
			targetProxy = 113B3E5328315666004D67D3 /* PBXContainerItemProxy */;
		};
		113B3E5E28315666004D67D3 /* PBXTargetDependency */ = {
			isa = PBXTargetDependency;
			target = 113B3E3B28315664004D67D3 /* FlutterRugbyIntegration */;
			targetProxy = 113B3E5D28315666004D67D3 /* PBXContainerItemProxy */;
		};
/* End PBXTargetDependency section */

/* Begin PBXVariantGroup section */
		113B3E4528315665004D67D3 /* Main.storyboard */ = {
			isa = PBXVariantGroup;
			children = (
				113B3E4628315665004D67D3 /* Base */,
			);
			name = Main.storyboard;
			sourceTree = "<group>";
		};
		113B3E4A28315666004D67D3 /* LaunchScreen.storyboard */ = {
			isa = PBXVariantGroup;
			children = (
				113B3E4B28315666004D67D3 /* Base */,
			);
			name = LaunchScreen.storyboard;
			sourceTree = "<group>";
		};
/* End PBXVariantGroup section */

/* Begin XCBuildConfiguration section */
		113B3E6428315666004D67D3 /* Debug */ = {
			isa = XCBuildConfiguration;
			buildSettings = {
				ALWAYS_SEARCH_USER_PATHS = NO;
				CLANG_ANALYZER_NONNULL = YES;
				CLANG_ANALYZER_NUMBER_OBJECT_CONVERSION = YES_AGGRESSIVE;
				CLANG_CXX_LANGUAGE_STANDARD = "gnu++17";
				CLANG_CXX_LIBRARY = "libc++";
				CLANG_ENABLE_MODULES = YES;
				CLANG_ENABLE_OBJC_ARC = YES;
				CLANG_ENABLE_OBJC_WEAK = YES;
				CLANG_WARN_BLOCK_CAPTURE_AUTORELEASING = YES;
				CLANG_WARN_BOOL_CONVERSION = YES;
				CLANG_WARN_COMMA = YES;
				CLANG_WARN_CONSTANT_CONVERSION = YES;
				CLANG_WARN_DEPRECATED_OBJC_IMPLEMENTATIONS = YES;
				CLANG_WARN_DIRECT_OBJC_ISA_USAGE = YES_ERROR;
				CLANG_WARN_DOCUMENTATION_COMMENTS = YES;
				CLANG_WARN_EMPTY_BODY = YES;
				CLANG_WARN_ENUM_CONVERSION = YES;
				CLANG_WARN_INFINITE_RECURSION = YES;
				CLANG_WARN_INT_CONVERSION = YES;
				CLANG_WARN_NON_LITERAL_NULL_CONVERSION = YES;
				CLANG_WARN_OBJC_IMPLICIT_RETAIN_SELF = YES;
				CLANG_WARN_OBJC_LITERAL_CONVERSION = YES;
				CLANG_WARN_OBJC_ROOT_CLASS = YES_ERROR;
				CLANG_WARN_QUOTED_INCLUDE_IN_FRAMEWORK_HEADER = YES;
				CLANG_WARN_RANGE_LOOP_ANALYSIS = YES;
				CLANG_WARN_STRICT_PROTOTYPES = YES;
				CLANG_WARN_SUSPICIOUS_MOVE = YES;
				CLANG_WARN_UNGUARDED_AVAILABILITY = YES_AGGRESSIVE;
				CLANG_WARN_UNREACHABLE_CODE = YES;
				CLANG_WARN__DUPLICATE_METHOD_MATCH = YES;
				COPY_PHASE_STRIP = NO;
				DEBUG_INFORMATION_FORMAT = dwarf;
				ENABLE_BITCODE = NO;
				ENABLE_STRICT_OBJC_MSGSEND = YES;
				ENABLE_TESTABILITY = YES;
				GCC_C_LANGUAGE_STANDARD = gnu11;
				GCC_DYNAMIC_NO_PIC = NO;
				GCC_NO_COMMON_BLOCKS = YES;
				GCC_OPTIMIZATION_LEVEL = 0;
				GCC_PREPROCESSOR_DEFINITIONS = (
					"DEBUG=1",
					"$(inherited)",
				);
				GCC_WARN_64_TO_32_BIT_CONVERSION = YES;
				GCC_WARN_ABOUT_RETURN_TYPE = YES_ERROR;
				GCC_WARN_UNDECLARED_SELECTOR = YES;
				GCC_WARN_UNINITIALIZED_AUTOS = YES_AGGRESSIVE;
				GCC_WARN_UNUSED_FUNCTION = YES;
				GCC_WARN_UNUSED_VARIABLE = YES;
				IPHONEOS_DEPLOYMENT_TARGET = 11.0;
				MTL_ENABLE_DEBUG_INFO = INCLUDE_SOURCE;
				MTL_FAST_MATH = YES;
				ONLY_ACTIVE_ARCH = YES;
				SDKROOT = iphoneos;
				SWIFT_ACTIVE_COMPILATION_CONDITIONS = DEBUG;
				SWIFT_OPTIMIZATION_LEVEL = "-Onone";
			};
			name = Debug;
		};
		113B3E6528315666004D67D3 /* Release */ = {
			isa = XCBuildConfiguration;
			buildSettings = {
				ALWAYS_SEARCH_USER_PATHS = NO;
				CLANG_ANALYZER_NONNULL = YES;
				CLANG_ANALYZER_NUMBER_OBJECT_CONVERSION = YES_AGGRESSIVE;
				CLANG_CXX_LANGUAGE_STANDARD = "gnu++17";
				CLANG_CXX_LIBRARY = "libc++";
				CLANG_ENABLE_MODULES = YES;
				CLANG_ENABLE_OBJC_ARC = YES;
				CLANG_ENABLE_OBJC_WEAK = YES;
				CLANG_WARN_BLOCK_CAPTURE_AUTORELEASING = YES;
				CLANG_WARN_BOOL_CONVERSION = YES;
				CLANG_WARN_COMMA = YES;
				CLANG_WARN_CONSTANT_CONVERSION = YES;
				CLANG_WARN_DEPRECATED_OBJC_IMPLEMENTATIONS = YES;
				CLANG_WARN_DIRECT_OBJC_ISA_USAGE = YES_ERROR;
				CLANG_WARN_DOCUMENTATION_COMMENTS = YES;
				CLANG_WARN_EMPTY_BODY = YES;
				CLANG_WARN_ENUM_CONVERSION = YES;
				CLANG_WARN_INFINITE_RECURSION = YES;
				CLANG_WARN_INT_CONVERSION = YES;
				CLANG_WARN_NON_LITERAL_NULL_CONVERSION = YES;
				CLANG_WARN_OBJC_IMPLICIT_RETAIN_SELF = YES;
				CLANG_WARN_OBJC_LITERAL_CONVERSION = YES;
				CLANG_WARN_OBJC_ROOT_CLASS = YES_ERROR;
				CLANG_WARN_QUOTED_INCLUDE_IN_FRAMEWORK_HEADER = YES;
				CLANG_WARN_RANGE_LOOP_ANALYSIS = YES;
				CLANG_WARN_STRICT_PROTOTYPES = YES;
				CLANG_WARN_SUSPICIOUS_MOVE = YES;
				CLANG_WARN_UNGUARDED_AVAILABILITY = YES_AGGRESSIVE;
				CLANG_WARN_UNREACHABLE_CODE = YES;
				CLANG_WARN__DUPLICATE_METHOD_MATCH = YES;
				COPY_PHASE_STRIP = NO;
				DEBUG_INFORMATION_FORMAT = "dwarf-with-dsym";
				ENABLE_BITCODE = NO;
				ENABLE_NS_ASSERTIONS = NO;
				ENABLE_STRICT_OBJC_MSGSEND = YES;
				GCC_C_LANGUAGE_STANDARD = gnu11;
				GCC_NO_COMMON_BLOCKS = YES;
				GCC_WARN_64_TO_32_BIT_CONVERSION = YES;
				GCC_WARN_ABOUT_RETURN_TYPE = YES_ERROR;
				GCC_WARN_UNDECLARED_SELECTOR = YES;
				GCC_WARN_UNINITIALIZED_AUTOS = YES_AGGRESSIVE;
				GCC_WARN_UNUSED_FUNCTION = YES;
				GCC_WARN_UNUSED_VARIABLE = YES;
				IPHONEOS_DEPLOYMENT_TARGET = 11.0;
				MTL_ENABLE_DEBUG_INFO = NO;
				MTL_FAST_MATH = YES;
				SDKROOT = iphoneos;
				SWIFT_COMPILATION_MODE = wholemodule;
				SWIFT_OPTIMIZATION_LEVEL = "-O";
				VALIDATE_PRODUCT = YES;
			};
			name = Release;
		};
		113B3E6728315666004D67D3 /* Debug */ = {
			isa = XCBuildConfiguration;
			baseConfigurationReference = 15F7A3B6A3198543206788A2 /* Pods-FlutterRugbyIntegration.debug.xcconfig */;
			buildSettings = {
				ASSETCATALOG_COMPILER_APPICON_NAME = AppIcon;
				ASSETCATALOG_COMPILER_GLOBAL_ACCENT_COLOR_NAME = AccentColor;
				CODE_SIGN_STYLE = Automatic;
				CURRENT_PROJECT_VERSION = 1;
				DEVELOPMENT_TEAM = SWV92A9JZ4;
				GENERATE_INFOPLIST_FILE = YES;
				INFOPLIST_FILE = FlutterRugbyIntegration/Info.plist;
				INFOPLIST_KEY_UIApplicationSupportsIndirectInputEvents = YES;
				INFOPLIST_KEY_UILaunchStoryboardName = LaunchScreen;
				INFOPLIST_KEY_UIMainStoryboardFile = Main;
				INFOPLIST_KEY_UISupportedInterfaceOrientations_iPad = "UIInterfaceOrientationPortrait UIInterfaceOrientationPortraitUpsideDown UIInterfaceOrientationLandscapeLeft UIInterfaceOrientationLandscapeRight";
				INFOPLIST_KEY_UISupportedInterfaceOrientations_iPhone = "UIInterfaceOrientationPortrait UIInterfaceOrientationLandscapeLeft UIInterfaceOrientationLandscapeRight";
				LD_RUNPATH_SEARCH_PATHS = (
					"$(inherited)",
					"@executable_path/Frameworks",
				);
				MARKETING_VERSION = 1.0;
				PRODUCT_BUNDLE_IDENTIFIER = com.shree.FlutterRugbyIntegration;
				PRODUCT_NAME = "$(TARGET_NAME)";
				SWIFT_EMIT_LOC_STRINGS = YES;
				SWIFT_VERSION = 5.0;
				TARGETED_DEVICE_FAMILY = "1,2";
			};
			name = Debug;
		};
		113B3E6828315666004D67D3 /* Release */ = {
			isa = XCBuildConfiguration;
			baseConfigurationReference = 55E1F66CA42B8B87D1E20B56 /* Pods-FlutterRugbyIntegration.release.xcconfig */;
			buildSettings = {
				ASSETCATALOG_COMPILER_APPICON_NAME = AppIcon;
				ASSETCATALOG_COMPILER_GLOBAL_ACCENT_COLOR_NAME = AccentColor;
				CODE_SIGN_STYLE = Automatic;
				CURRENT_PROJECT_VERSION = 1;
				DEVELOPMENT_TEAM = SWV92A9JZ4;
				GENERATE_INFOPLIST_FILE = YES;
				INFOPLIST_FILE = FlutterRugbyIntegration/Info.plist;
				INFOPLIST_KEY_UIApplicationSupportsIndirectInputEvents = YES;
				INFOPLIST_KEY_UILaunchStoryboardName = LaunchScreen;
				INFOPLIST_KEY_UIMainStoryboardFile = Main;
				INFOPLIST_KEY_UISupportedInterfaceOrientations_iPad = "UIInterfaceOrientationPortrait UIInterfaceOrientationPortraitUpsideDown UIInterfaceOrientationLandscapeLeft UIInterfaceOrientationLandscapeRight";
				INFOPLIST_KEY_UISupportedInterfaceOrientations_iPhone = "UIInterfaceOrientationPortrait UIInterfaceOrientationLandscapeLeft UIInterfaceOrientationLandscapeRight";
				LD_RUNPATH_SEARCH_PATHS = (
					"$(inherited)",
					"@executable_path/Frameworks",
				);
				MARKETING_VERSION = 1.0;
				PRODUCT_BUNDLE_IDENTIFIER = com.shree.FlutterRugbyIntegration;
				PRODUCT_NAME = "$(TARGET_NAME)";
				SWIFT_EMIT_LOC_STRINGS = YES;
				SWIFT_VERSION = 5.0;
				TARGETED_DEVICE_FAMILY = "1,2";
			};
			name = Release;
		};
		113B3E6A28315666004D67D3 /* Debug */ = {
			isa = XCBuildConfiguration;
			baseConfigurationReference = 0586BF52DBE0E80139F50201 /* Pods-FlutterRugbyIntegrationTests.debug.xcconfig */;
			buildSettings = {
				ALWAYS_EMBED_SWIFT_STANDARD_LIBRARIES = YES;
				BUNDLE_LOADER = "$(TEST_HOST)";
				CODE_SIGN_STYLE = Automatic;
				CURRENT_PROJECT_VERSION = 1;
				GENERATE_INFOPLIST_FILE = YES;
				IPHONEOS_DEPLOYMENT_TARGET = 15.2;
				MARKETING_VERSION = 1.0;
				PRODUCT_BUNDLE_IDENTIFIER = com.shree.FlutterRugbyIntegrationTests;
				PRODUCT_NAME = "$(TARGET_NAME)";
				SWIFT_EMIT_LOC_STRINGS = NO;
				SWIFT_VERSION = 5.0;
				TARGETED_DEVICE_FAMILY = "1,2";
				TEST_HOST = "$(BUILT_PRODUCTS_DIR)/FlutterRugbyIntegration.app/FlutterRugbyIntegration";
			};
			name = Debug;
		};
		113B3E6B28315666004D67D3 /* Release */ = {
			isa = XCBuildConfiguration;
			baseConfigurationReference = EC6A47B19B17B8284D4C58EE /* Pods-FlutterRugbyIntegrationTests.release.xcconfig */;
			buildSettings = {
				ALWAYS_EMBED_SWIFT_STANDARD_LIBRARIES = YES;
				BUNDLE_LOADER = "$(TEST_HOST)";
				CODE_SIGN_STYLE = Automatic;
				CURRENT_PROJECT_VERSION = 1;
				GENERATE_INFOPLIST_FILE = YES;
				IPHONEOS_DEPLOYMENT_TARGET = 15.2;
				MARKETING_VERSION = 1.0;
				PRODUCT_BUNDLE_IDENTIFIER = com.shree.FlutterRugbyIntegrationTests;
				PRODUCT_NAME = "$(TARGET_NAME)";
				SWIFT_EMIT_LOC_STRINGS = NO;
				SWIFT_VERSION = 5.0;
				TARGETED_DEVICE_FAMILY = "1,2";
				TEST_HOST = "$(BUILT_PRODUCTS_DIR)/FlutterRugbyIntegration.app/FlutterRugbyIntegration";
			};
			name = Release;
		};
		113B3E6D28315666004D67D3 /* Debug */ = {
			isa = XCBuildConfiguration;
			baseConfigurationReference = 6B4C25D5FD36E75DC2FE3AE9 /* Pods-FlutterRugbyIntegration-FlutterRugbyIntegrationUITests.debug.xcconfig */;
			buildSettings = {
				ALWAYS_EMBED_SWIFT_STANDARD_LIBRARIES = YES;
				CODE_SIGN_STYLE = Automatic;
				CURRENT_PROJECT_VERSION = 1;
				GENERATE_INFOPLIST_FILE = YES;
				MARKETING_VERSION = 1.0;
				PRODUCT_BUNDLE_IDENTIFIER = com.shree.FlutterRugbyIntegrationUITests;
				PRODUCT_NAME = "$(TARGET_NAME)";
				SWIFT_EMIT_LOC_STRINGS = NO;
				SWIFT_VERSION = 5.0;
				TARGETED_DEVICE_FAMILY = "1,2";
				TEST_TARGET_NAME = FlutterRugbyIntegration;
			};
			name = Debug;
		};
		113B3E6E28315666004D67D3 /* Release */ = {
			isa = XCBuildConfiguration;
			baseConfigurationReference = 0DE48E6E3D2959123F29CE0C /* Pods-FlutterRugbyIntegration-FlutterRugbyIntegrationUITests.release.xcconfig */;
			buildSettings = {
				ALWAYS_EMBED_SWIFT_STANDARD_LIBRARIES = YES;
				CODE_SIGN_STYLE = Automatic;
				CURRENT_PROJECT_VERSION = 1;
				GENERATE_INFOPLIST_FILE = YES;
				MARKETING_VERSION = 1.0;
				PRODUCT_BUNDLE_IDENTIFIER = com.shree.FlutterRugbyIntegrationUITests;
				PRODUCT_NAME = "$(TARGET_NAME)";
				SWIFT_EMIT_LOC_STRINGS = NO;
				SWIFT_VERSION = 5.0;
				TARGETED_DEVICE_FAMILY = "1,2";
				TEST_TARGET_NAME = FlutterRugbyIntegration;
			};
			name = Release;
		};
/* End XCBuildConfiguration section */

/* Begin XCConfigurationList section */
		113B3E3728315664004D67D3 /* Build configuration list for PBXProject "FlutterRugbyIntegration" */ = {
			isa = XCConfigurationList;
			buildConfigurations = (
				113B3E6428315666004D67D3 /* Debug */,
				113B3E6528315666004D67D3 /* Release */,
			);
			defaultConfigurationIsVisible = 0;
			defaultConfigurationName = Release;
		};
		113B3E6628315666004D67D3 /* Build configuration list for PBXNativeTarget "FlutterRugbyIntegration" */ = {
			isa = XCConfigurationList;
			buildConfigurations = (
				113B3E6728315666004D67D3 /* Debug */,
				113B3E6828315666004D67D3 /* Release */,
			);
			defaultConfigurationIsVisible = 0;
			defaultConfigurationName = Release;
		};
		113B3E6928315666004D67D3 /* Build configuration list for PBXNativeTarget "FlutterRugbyIntegrationTests" */ = {
			isa = XCConfigurationList;
			buildConfigurations = (
				113B3E6A28315666004D67D3 /* Debug */,
				113B3E6B28315666004D67D3 /* Release */,
			);
			defaultConfigurationIsVisible = 0;
			defaultConfigurationName = Release;
		};
		113B3E6C28315666004D67D3 /* Build configuration list for PBXNativeTarget "FlutterRugbyIntegrationUITests" */ = {
			isa = XCConfigurationList;
			buildConfigurations = (
				113B3E6D28315666004D67D3 /* Debug */,
				113B3E6E28315666004D67D3 /* Release */,
			);
			defaultConfigurationIsVisible = 0;
			defaultConfigurationName = Release;
		};
/* End XCConfigurationList section */
	};
	rootObject = 113B3E3428315664004D67D3 /* Project object */;
}
