PODS:
  - Flutter (1.0.0)
  - FlutterPluginRegistrant (0.0.1):
    - Flutter
  - my_flutter (0.0.1):
    - Flutter
  - RxCocoa (6.2.0):
    - RxRelay (= 6.2.0)
    - RxSwift (= 6.2.0)
  - RxRelay (6.2.0):
    - RxSwift (= 6.2.0)
  - RxSwift (6.2.0)

DEPENDENCIES:
  - Flutter (from `my_flutter/.ios/Flutter/engine`)
  - FlutterPluginRegistrant (from `my_flutter/.ios/Flutter/FlutterPluginRegistrant`)
  - my_flutter (from `my_flutter/.ios/Flutter`)
  - RxCocoa (= 6.2.0)
  - RxSwift (= 6.2.0)

SPEC REPOS:
  trunk:
    - RxCocoa
    - RxRelay
    - RxSwift

EXTERNAL SOURCES:
  Flutter:
    :path: my_flutter/.ios/Flutter/engine
  FlutterPluginRegistrant:
    :path: my_flutter/.ios/Flutter/FlutterPluginRegistrant
  my_flutter:
    :path: my_flutter/.ios/Flutter

SPEC CHECKSUMS:
  Flutter: bdfa2e8fe0e2880a2c6a58a0b1a8675c262a07af
  FlutterPluginRegistrant: d3a0fbc12bc47787a12fcc919193f3959aa7d5ad
  my_flutter: 5f71a42a61a499a9f322f2c0f62fc185a5807c9b
  RxCocoa: 4baf94bb35f2c0ab31bc0cb9f1900155f646ba42
  RxRelay: e72dbfd157807478401ef1982e1c61c945c94b2f
  RxSwift: d356ab7bee873611322f134c5f9ef379fa183d8f

PODFILE CHECKSUM: 932d540b983bcea4b32a401d8f5c0c31d9605428

COCOAPODS: 1.11.3
